// !$*UTF8*$!
{
	archiveVersion = 1;
	classes = {
	};
	objectVersion = 77;
	objects = {

/* Begin PBXBuildFile section */
		0546F2565573D5B0CE96D807 /* LaunchAtLoginService.swift in Sources */ = {isa = PBXBuildFile; fileRef = E4ABC2AAD7D3A63A9763CFA9 /* LaunchAtLoginService.swift */; };
		09478F432E9E7127FC0EC685 /* ManagedProject.swift in Sources */ = {isa = PBXBuildFile; fileRef = 8A4BC8603AFE27442D44B95C /* ManagedProject.swift */; };
		0A10348FDC1A0D0356AA524A /* ProjectsSettingsView.swift in Sources */ = {isa = PBXBuildFile; fileRef = 9499FDE93CA6B354EC501BFD /* ProjectsSettingsView.swift */; };
		1186E2185CD2B47490BED7A5 /* DeveloperTeamService.swift in Sources */ = {isa = PBXBuildFile; fileRef = 28FBD9CBEA56DE9FD45D08A8 /* DeveloperTeamService.swift */; };
		161ACFF6DCD3A596AC73B7C3 /* SchedulingPolicy.swift in Sources */ = {isa = PBXBuildFile; fileRef = FE7FCC3C93BDDA5E5D2DA2A3 /* SchedulingPolicy.swift */; };
		19FA68805AC145C380654490 /* InstallationLogWindow.swift in Sources */ = {isa = PBXBuildFile; fileRef = 57C466FF627F8F1F2B88EC54 /* InstallationLogWindow.swift */; };
		1E5182B6E96C62F82059AAD7 /* DeveloperTeam.swift in Sources */ = {isa = PBXBuildFile; fileRef = 612118088C583B929EAF5D82 /* DeveloperTeam.swift */; };
		20EB26A8F04515F3AD5C3DD2 /* AppModel.swift in Sources */ = {isa = PBXBuildFile; fileRef = 5EAC5790791179507E355CC9 /* AppModel.swift */; };
		2652BD40CD8514A5C2AC9F9F /* USBConnectionMonitor.swift in Sources */ = {isa = PBXBuildFile; fileRef = 3A38582835719257C1224496 /* USBConnectionMonitor.swift */; };
		277BC7FC1164BDD5BCD003DB /* SchedulingPolicyTests.swift in Sources */ = {isa = PBXBuildFile; fileRef = EADD1BE32E8764FE253DE21D /* SchedulingPolicyTests.swift */; };
		27E4991AB931AEDAAEF3301C /* InstallationNotificationTextTests.swift in Sources */ = {isa = PBXBuildFile; fileRef = 82B2E9627D7A97BAC8E67734 /* InstallationNotificationTextTests.swift */; };
		35F6A8A54D710061C9597379 /* IOKit.framework in Frameworks */ = {isa = PBXBuildFile; fileRef = 25198B3F1AF9E67B4B142FEF /* IOKit.framework */; };
		3C981CA011F8057BCF97A211 /* InstallationLogTests.swift in Sources */ = {isa = PBXBuildFile; fileRef = A6999745CEC41EC7C658AF8A /* InstallationLogTests.swift */; };
		451F081116C20A44CA1B01F6 /* SettingsStore.swift in Sources */ = {isa = PBXBuildFile; fileRef = 07A4973B442C48B46C4450B9 /* SettingsStore.swift */; };
		4BA6939F3D7551400440E504 /* SettingsView.swift in Sources */ = {isa = PBXBuildFile; fileRef = A576F19FBCD188C14A10A357 /* SettingsView.swift */; };
		5DF60505E68F177D662666A7 /* Security.framework in Frameworks */ = {isa = PBXBuildFile; fileRef = F3CF88E36340EA44D44BAEA3 /* Security.framework */; };
		63456DB04B93FCDB5C834C8C /* ProcessRunner.swift in Sources */ = {isa = PBXBuildFile; fileRef = 352A2C3966BA68098C0565B6 /* ProcessRunner.swift */; };
		65A7345C1F7C4D09ADD17855 /* ActivityView.swift in Sources */ = {isa = PBXBuildFile; fileRef = DB76C0C04F5BE4DCB26643AC /* ActivityView.swift */; };
		70B30E7D236DC5C0C491BD2A /* UserNotifications.framework in Frameworks */ = {isa = PBXBuildFile; fileRef = 1E9AE14602895A8A617799E3 /* UserNotifications.framework */; };
		7D9D69EBB82C7BDF88F43AEC /* Localizable.strings in Resources */ = {isa = PBXBuildFile; fileRef = 3856B09AD5EC33CE89E7E40F /* Localizable.strings */; };
		835E2CA0968CF6CC01939BA0 /* DevReinstallerApp.swift in Sources */ = {isa = PBXBuildFile; fileRef = 33454C9C097F38C2B932DEBA /* DevReinstallerApp.swift */; };
		8496F42A3A5DE91AC5988C00 /* DeviceService.swift in Sources */ = {isa = PBXBuildFile; fileRef = DE7353553572B820CDE43DE8 /* DeviceService.swift */; };
		96315487EA9A2BC38313B51E /* DeviceListDecodingTests.swift in Sources */ = {isa = PBXBuildFile; fileRef = 7DC9F3E7962B646B2FE22124 /* DeviceListDecodingTests.swift */; };
		98E31E46A8C0D37D3CF104A7 /* ProjectIconView.swift in Sources */ = {isa = PBXBuildFile; fileRef = AC991E75C5DAAE9A81F4CBDD /* ProjectIconView.swift */; };
		9ACCD2BFC4A7E2CEB8F9A403 /* NotificationService.swift in Sources */ = {isa = PBXBuildFile; fileRef = F6C92D93BEA103B82A55D8F0 /* NotificationService.swift */; };
		9C94313F7AA6F8A04E5D237E /* AppState.swift in Sources */ = {isa = PBXBuildFile; fileRef = B31DEE8A7A59735374371C58 /* AppState.swift */; };
		9E2DB6FD5E0C3E888F841C2E /* ProjectIconServiceTests.swift in Sources */ = {isa = PBXBuildFile; fileRef = 5389932323441FF2DE8770E6 /* ProjectIconServiceTests.swift */; };
		ADA3814ED1C0230DF314146B /* Localization.swift in Sources */ = {isa = PBXBuildFile; fileRef = 144934BE257414A56B68628E /* Localization.swift */; };
		B87B359B6C7B0461D30B89C4 /* MenuBarView.swift in Sources */ = {isa = PBXBuildFile; fileRef = 187F56D6B0FF17C1A51C54AB /* MenuBarView.swift */; };
		B910BF9502A894DE3FF1A5C6 /* ProjectDiscoveryService.swift in Sources */ = {isa = PBXBuildFile; fileRef = 70652601A75E8C17189CF3C3 /* ProjectDiscoveryService.swift */; };
		B9806F81FD17134B340C5EB7 /* DirectXcodeInstallationTests.swift in Sources */ = {isa = PBXBuildFile; fileRef = 591144DE0C4AF09C666472B0 /* DirectXcodeInstallationTests.swift */; };
		C7D5C1EC615937733F0B43C1 /* Assets.xcassets in Resources */ = {isa = PBXBuildFile; fileRef = CF48C524D297C92BEF629DC6 /* Assets.xcassets */; };
		E0C57A331B8F4DEC24C29D01 /* InstallationService.swift in Sources */ = {isa = PBXBuildFile; fileRef = ACB9C2C9DE14BD54B87F47D9 /* InstallationService.swift */; };
		E984486315C87025E3188B98 /* DeviceInstallationSelectionTests.swift in Sources */ = {isa = PBXBuildFile; fileRef = B9A51EFF776AD5157D68F418 /* DeviceInstallationSelectionTests.swift */; };
		ECA193D5E5BBA3D6D0C5505D /* ConnectedDevice.swift in Sources */ = {isa = PBXBuildFile; fileRef = EACABAEA699652729A00DFFA /* ConnectedDevice.swift */; };
		F611BF341D7DBBB336CF4335 /* ProjectVersionServiceTests.swift in Sources */ = {isa = PBXBuildFile; fileRef = 56D67D5D4BE93B82D44016CC /* ProjectVersionServiceTests.swift */; };
		F6DB1C8FC0B9ED5795818352 /* InstallationRecordTests.swift in Sources */ = {isa = PBXBuildFile; fileRef = 9913A21AF2B36F70607E2540 /* InstallationRecordTests.swift */; };
		FADF81C595986F7A66178955 /* ProjectVersionService.swift in Sources */ = {isa = PBXBuildFile; fileRef = 05527C94BD5D0E67D23FAF65 /* ProjectVersionService.swift */; };
		FB476F5BFD8D6374E1DEA810 /* ProjectIconService.swift in Sources */ = {isa = PBXBuildFile; fileRef = E758D180C7E753C87540ABCE /* ProjectIconService.swift */; };
/* End PBXBuildFile section */

/* Begin PBXContainerItemProxy section */
		B12E850FB41F5BEA876CE53A /* PBXContainerItemProxy */ = {
			isa = PBXContainerItemProxy;
			containerPortal = C09E9F687FD34D759253C072 /* Project object */;
			proxyType = 1;
			remoteGlobalIDString = 34B8ECE8E55601C721C40F92;
			remoteInfo = DevReinstaller;
		};
/* End PBXContainerItemProxy section */

/* Begin PBXFileReference section */
		05527C94BD5D0E67D23FAF65 /* ProjectVersionService.swift */ = {isa = PBXFileReference; lastKnownFileType = sourcecode.swift; path = ProjectVersionService.swift; sourceTree = "<group>"; };
		07A4973B442C48B46C4450B9 /* SettingsStore.swift */ = {isa = PBXFileReference; lastKnownFileType = sourcecode.swift; path = SettingsStore.swift; sourceTree = "<group>"; };
		144934BE257414A56B68628E /* Localization.swift */ = {isa = PBXFileReference; lastKnownFileType = sourcecode.swift; path = Localization.swift; sourceTree = "<group>"; };
		187F56D6B0FF17C1A51C54AB /* MenuBarView.swift */ = {isa = PBXFileReference; lastKnownFileType = sourcecode.swift; path = MenuBarView.swift; sourceTree = "<group>"; };
		1B047FE49F65900E5A114A9B /* DevReinstallerTests.xctest */ = {isa = PBXFileReference; explicitFileType = wrapper.cfbundle; includeInIndex = 0; path = DevReinstallerTests.xctest; sourceTree = BUILT_PRODUCTS_DIR; };
		1E9AE14602895A8A617799E3 /* UserNotifications.framework */ = {isa = PBXFileReference; lastKnownFileType = wrapper.framework; name = UserNotifications.framework; path = System/Library/Frameworks/UserNotifications.framework; sourceTree = SDKROOT; };
		25198B3F1AF9E67B4B142FEF /* IOKit.framework */ = {isa = PBXFileReference; lastKnownFileType = wrapper.framework; name = IOKit.framework; path = System/Library/Frameworks/IOKit.framework; sourceTree = SDKROOT; };
		28FBD9CBEA56DE9FD45D08A8 /* DeveloperTeamService.swift */ = {isa = PBXFileReference; lastKnownFileType = sourcecode.swift; path = DeveloperTeamService.swift; sourceTree = "<group>"; };
		2FC2B807EBC7B515241BEEF1 /* DevReinstaller.app */ = {isa = PBXFileReference; explicitFileType = wrapper.application; includeInIndex = 0; path = DevReinstaller.app; sourceTree = BUILT_PRODUCTS_DIR; };
		33454C9C097F38C2B932DEBA /* DevReinstallerApp.swift */ = {isa = PBXFileReference; lastKnownFileType = sourcecode.swift; path = DevReinstallerApp.swift; sourceTree = "<group>"; };
		352A2C3966BA68098C0565B6 /* ProcessRunner.swift */ = {isa = PBXFileReference; lastKnownFileType = sourcecode.swift; path = ProcessRunner.swift; sourceTree = "<group>"; };
		3A38582835719257C1224496 /* USBConnectionMonitor.swift */ = {isa = PBXFileReference; lastKnownFileType = sourcecode.swift; path = USBConnectionMonitor.swift; sourceTree = "<group>"; };
		480A3FB11265FBE874E7B8F1 /* en */ = {isa = PBXFileReference; lastKnownFileType = text.plist.strings; name = en; path = en.lproj/Localizable.strings; sourceTree = "<group>"; };
		5389932323441FF2DE8770E6 /* ProjectIconServiceTests.swift */ = {isa = PBXFileReference; lastKnownFileType = sourcecode.swift; path = ProjectIconServiceTests.swift; sourceTree = "<group>"; };
		56D67D5D4BE93B82D44016CC /* ProjectVersionServiceTests.swift */ = {isa = PBXFileReference; lastKnownFileType = sourcecode.swift; path = ProjectVersionServiceTests.swift; sourceTree = "<group>"; };
		57C466FF627F8F1F2B88EC54 /* InstallationLogWindow.swift */ = {isa = PBXFileReference; lastKnownFileType = sourcecode.swift; path = InstallationLogWindow.swift; sourceTree = "<group>"; };
		591144DE0C4AF09C666472B0 /* DirectXcodeInstallationTests.swift */ = {isa = PBXFileReference; lastKnownFileType = sourcecode.swift; path = DirectXcodeInstallationTests.swift; sourceTree = "<group>"; };
		5EAC5790791179507E355CC9 /* AppModel.swift */ = {isa = PBXFileReference; lastKnownFileType = sourcecode.swift; path = AppModel.swift; sourceTree = "<group>"; };
		612118088C583B929EAF5D82 /* DeveloperTeam.swift */ = {isa = PBXFileReference; lastKnownFileType = sourcecode.swift; path = DeveloperTeam.swift; sourceTree = "<group>"; };
		70652601A75E8C17189CF3C3 /* ProjectDiscoveryService.swift */ = {isa = PBXFileReference; lastKnownFileType = sourcecode.swift; path = ProjectDiscoveryService.swift; sourceTree = "<group>"; };
		7DC9F3E7962B646B2FE22124 /* DeviceListDecodingTests.swift */ = {isa = PBXFileReference; lastKnownFileType = sourcecode.swift; path = DeviceListDecodingTests.swift; sourceTree = "<group>"; };
		82B2E9627D7A97BAC8E67734 /* InstallationNotificationTextTests.swift */ = {isa = PBXFileReference; lastKnownFileType = sourcecode.swift; path = InstallationNotificationTextTests.swift; sourceTree = "<group>"; };
		86EF1508F5839D50A2A53C25 /* he */ = {isa = PBXFileReference; lastKnownFileType = text.plist.strings; name = he; path = he.lproj/Localizable.strings; sourceTree = "<group>"; };
		8A4BC8603AFE27442D44B95C /* ManagedProject.swift */ = {isa = PBXFileReference; lastKnownFileType = sourcecode.swift; path = ManagedProject.swift; sourceTree = "<group>"; };
		9499FDE93CA6B354EC501BFD /* ProjectsSettingsView.swift */ = {isa = PBXFileReference; lastKnownFileType = sourcecode.swift; path = ProjectsSettingsView.swift; sourceTree = "<group>"; };
		9913A21AF2B36F70607E2540 /* InstallationRecordTests.swift */ = {isa = PBXFileReference; lastKnownFileType = sourcecode.swift; path = InstallationRecordTests.swift; sourceTree = "<group>"; };
		A576F19FBCD188C14A10A357 /* SettingsView.swift */ = {isa = PBXFileReference; lastKnownFileType = sourcecode.swift; path = SettingsView.swift; sourceTree = "<group>"; };
		A6999745CEC41EC7C658AF8A /* InstallationLogTests.swift */ = {isa = PBXFileReference; lastKnownFileType = sourcecode.swift; path = InstallationLogTests.swift; sourceTree = "<group>"; };
		AC991E75C5DAAE9A81F4CBDD /* ProjectIconView.swift */ = {isa = PBXFileReference; lastKnownFileType = sourcecode.swift; path = ProjectIconView.swift; sourceTree = "<group>"; };
		ACB9C2C9DE14BD54B87F47D9 /* InstallationService.swift */ = {isa = PBXFileReference; lastKnownFileType = sourcecode.swift; path = InstallationService.swift; sourceTree = "<group>"; };
		B31DEE8A7A59735374371C58 /* AppState.swift */ = {isa = PBXFileReference; lastKnownFileType = sourcecode.swift; path = AppState.swift; sourceTree = "<group>"; };
		B9A51EFF776AD5157D68F418 /* DeviceInstallationSelectionTests.swift */ = {isa = PBXFileReference; lastKnownFileType = sourcecode.swift; path = DeviceInstallationSelectionTests.swift; sourceTree = "<group>"; };
		CF48C524D297C92BEF629DC6 /* Assets.xcassets */ = {isa = PBXFileReference; lastKnownFileType = folder.assetcatalog; path = Assets.xcassets; sourceTree = "<group>"; };
		DB76C0C04F5BE4DCB26643AC /* ActivityView.swift */ = {isa = PBXFileReference; lastKnownFileType = sourcecode.swift; path = ActivityView.swift; sourceTree = "<group>"; };
		DE7353553572B820CDE43DE8 /* DeviceService.swift */ = {isa = PBXFileReference; lastKnownFileType = sourcecode.swift; path = DeviceService.swift; sourceTree = "<group>"; };
		E4ABC2AAD7D3A63A9763CFA9 /* LaunchAtLoginService.swift */ = {isa = PBXFileReference; lastKnownFileType = sourcecode.swift; path = LaunchAtLoginService.swift; sourceTree = "<group>"; };
		E758D180C7E753C87540ABCE /* ProjectIconService.swift */ = {isa = PBXFileReference; lastKnownFileType = sourcecode.swift; path = ProjectIconService.swift; sourceTree = "<group>"; };
		EACABAEA699652729A00DFFA /* ConnectedDevice.swift */ = {isa = PBXFileReference; lastKnownFileType = sourcecode.swift; path = ConnectedDevice.swift; sourceTree = "<group>"; };
		EADD1BE32E8764FE253DE21D /* SchedulingPolicyTests.swift */ = {isa = PBXFileReference; lastKnownFileType = sourcecode.swift; path = SchedulingPolicyTests.swift; sourceTree = "<group>"; };
		F3CF88E36340EA44D44BAEA3 /* Security.framework */ = {isa = PBXFileReference; lastKnownFileType = wrapper.framework; name = Security.framework; path = System/Library/Frameworks/Security.framework; sourceTree = SDKROOT; };
		F6C92D93BEA103B82A55D8F0 /* NotificationService.swift */ = {isa = PBXFileReference; lastKnownFileType = sourcecode.swift; path = NotificationService.swift; sourceTree = "<group>"; };
		FE7FCC3C93BDDA5E5D2DA2A3 /* SchedulingPolicy.swift */ = {isa = PBXFileReference; lastKnownFileType = sourcecode.swift; path = SchedulingPolicy.swift; sourceTree = "<group>"; };
/* End PBXFileReference section */

/* Begin PBXFrameworksBuildPhase section */
		280E186933DA3919EC784907 /* Frameworks */ = {
			isa = PBXFrameworksBuildPhase;
			buildActionMask = 2147483647;
			files = (
				35F6A8A54D710061C9597379 /* IOKit.framework in Frameworks */,
				5DF60505E68F177D662666A7 /* Security.framework in Frameworks */,
				70B30E7D236DC5C0C491BD2A /* UserNotifications.framework in Frameworks */,
			);
			runOnlyForDeploymentPostprocessing = 0;
		};
/* End PBXFrameworksBuildPhase section */

/* Begin PBXGroup section */
		0CD7E1A95C7680993552E616 /* App */ = {
			isa = PBXGroup;
			children = (
				5EAC5790791179507E355CC9 /* AppModel.swift */,
				33454C9C097F38C2B932DEBA /* DevReinstallerApp.swift */,
				144934BE257414A56B68628E /* Localization.swift */,
			);
			path = App;
			sourceTree = "<group>";
		};
		409AD02DE7999E79152AC643 /* Resources */ = {
			isa = PBXGroup;
			children = (
				CF48C524D297C92BEF629DC6 /* Assets.xcassets */,
				3856B09AD5EC33CE89E7E40F /* Localizable.strings */,
			);
			path = Resources;
			sourceTree = "<group>";
		};
		4FA05BEF2B680C95E7869A5B /* Models */ = {
			isa = PBXGroup;
			children = (
				B31DEE8A7A59735374371C58 /* AppState.swift */,
				EACABAEA699652729A00DFFA /* ConnectedDevice.swift */,
				612118088C583B929EAF5D82 /* DeveloperTeam.swift */,
				8A4BC8603AFE27442D44B95C /* ManagedProject.swift */,
				FE7FCC3C93BDDA5E5D2DA2A3 /* SchedulingPolicy.swift */,
			);
			path = Models;
			sourceTree = "<group>";
		};
		5326DA7F97929C9B5A1BCCC0 /* Tests */ = {
			isa = PBXGroup;
			children = (
				B9A51EFF776AD5157D68F418 /* DeviceInstallationSelectionTests.swift */,
				7DC9F3E7962B646B2FE22124 /* DeviceListDecodingTests.swift */,
				591144DE0C4AF09C666472B0 /* DirectXcodeInstallationTests.swift */,
				A6999745CEC41EC7C658AF8A /* InstallationLogTests.swift */,
				82B2E9627D7A97BAC8E67734 /* InstallationNotificationTextTests.swift */,
				9913A21AF2B36F70607E2540 /* InstallationRecordTests.swift */,
				5389932323441FF2DE8770E6 /* ProjectIconServiceTests.swift */,
				56D67D5D4BE93B82D44016CC /* ProjectVersionServiceTests.swift */,
				EADD1BE32E8764FE253DE21D /* SchedulingPolicyTests.swift */,
			);
			path = Tests;
			sourceTree = "<group>";
		};
		6BFBD3F693826A187C701C25 /* Services */ = {
			isa = PBXGroup;
			children = (
				28FBD9CBEA56DE9FD45D08A8 /* DeveloperTeamService.swift */,
				DE7353553572B820CDE43DE8 /* DeviceService.swift */,
				ACB9C2C9DE14BD54B87F47D9 /* InstallationService.swift */,
				E4ABC2AAD7D3A63A9763CFA9 /* LaunchAtLoginService.swift */,
				F6C92D93BEA103B82A55D8F0 /* NotificationService.swift */,
				352A2C3966BA68098C0565B6 /* ProcessRunner.swift */,
				70652601A75E8C17189CF3C3 /* ProjectDiscoveryService.swift */,
				E758D180C7E753C87540ABCE /* ProjectIconService.swift */,
				05527C94BD5D0E67D23FAF65 /* ProjectVersionService.swift */,
				07A4973B442C48B46C4450B9 /* SettingsStore.swift */,
				3A38582835719257C1224496 /* USBConnectionMonitor.swift */,
			);
			path = Services;
			sourceTree = "<group>";
		};
		6DF402FF6DB55FF1CC4D350F /* Products */ = {
			isa = PBXGroup;
			children = (
				2FC2B807EBC7B515241BEEF1 /* DevReinstaller.app */,
				1B047FE49F65900E5A114A9B /* DevReinstallerTests.xctest */,
			);
			name = Products;
			sourceTree = "<group>";
		};
		88D01F9CE2373448E7D8E21B /* Sources */ = {
			isa = PBXGroup;
			children = (
				0CD7E1A95C7680993552E616 /* App */,
				4FA05BEF2B680C95E7869A5B /* Models */,
				6BFBD3F693826A187C701C25 /* Services */,
				F5818CC2E4D65035D0228861 /* Views */,
			);
			path = Sources;
			sourceTree = "<group>";
		};
		BF71E59A8DE8B5FBA4245C47 = {
			isa = PBXGroup;
			children = (
				409AD02DE7999E79152AC643 /* Resources */,
				88D01F9CE2373448E7D8E21B /* Sources */,
				5326DA7F97929C9B5A1BCCC0 /* Tests */,
				E5D5074A961FC706204966F1 /* Frameworks */,
				6DF402FF6DB55FF1CC4D350F /* Products */,
			);
			sourceTree = "<group>";
		};
		E5D5074A961FC706204966F1 /* Frameworks */ = {
			isa = PBXGroup;
			children = (
				25198B3F1AF9E67B4B142FEF /* IOKit.framework */,
				F3CF88E36340EA44D44BAEA3 /* Security.framework */,
				1E9AE14602895A8A617799E3 /* UserNotifications.framework */,
			);
			name = Frameworks;
			sourceTree = "<group>";
		};
		F5818CC2E4D65035D0228861 /* Views */ = {
			isa = PBXGroup;
			children = (
				DB76C0C04F5BE4DCB26643AC /* ActivityView.swift */,
				57C466FF627F8F1F2B88EC54 /* InstallationLogWindow.swift */,
				187F56D6B0FF17C1A51C54AB /* MenuBarView.swift */,
				AC991E75C5DAAE9A81F4CBDD /* ProjectIconView.swift */,
				9499FDE93CA6B354EC501BFD /* ProjectsSettingsView.swift */,
				A576F19FBCD188C14A10A357 /* SettingsView.swift */,
			);
			path = Views;
			sourceTree = "<group>";
		};
/* End PBXGroup section */

/* Begin PBXNativeTarget section */
		34B8ECE8E55601C721C40F92 /* DevReinstaller */ = {
			isa = PBXNativeTarget;
			buildConfigurationList = 1E579AE35D17E80E4E16162B /* Build configuration list for PBXNativeTarget "DevReinstaller" */;
			buildPhases = (
				78E06C20D732E42F8B2057B9 /* Sources */,
				509795594C55D5221B2AD5FA /* Resources */,
				280E186933DA3919EC784907 /* Frameworks */,
			);
			buildRules = (
			);
			dependencies = (
			);
			name = DevReinstaller;
			packageProductDependencies = (
			);
			productName = DevReinstaller;
			productReference = 2FC2B807EBC7B515241BEEF1 /* DevReinstaller.app */;
			productType = "com.apple.product-type.application";
		};
		38EEA9702C852901ED4297A3 /* DevReinstallerTests */ = {
			isa = PBXNativeTarget;
			buildConfigurationList = 1804DB0F0D3C86B390A3C430 /* Build configuration list for PBXNativeTarget "DevReinstallerTests" */;
			buildPhases = (
				741DFCA9DC7F324316565D69 /* Sources */,
			);
			buildRules = (
			);
			dependencies = (
				786D3CF89B2DEE93789FF1B7 /* PBXTargetDependency */,
			);
			name = DevReinstallerTests;
			packageProductDependencies = (
			);
			productName = DevReinstallerTests;
			productReference = 1B047FE49F65900E5A114A9B /* DevReinstallerTests.xctest */;
			productType = "com.apple.product-type.bundle.unit-test";
		};
/* End PBXNativeTarget section */

/* Begin PBXProject section */
		C09E9F687FD34D759253C072 /* Project object */ = {
			isa = PBXProject;
			attributes = {
				BuildIndependentTargetsInParallel = YES;
				LastUpgradeCheck = 1430;
				TargetAttributes = {
					34B8ECE8E55601C721C40F92 = {
						DevelopmentTeam = 52HV33827A;
						ProvisioningStyle = Automatic;
					};
					38EEA9702C852901ED4297A3 = {
						DevelopmentTeam = 52HV33827A;
						ProvisioningStyle = Automatic;
					};
				};
			};
			buildConfigurationList = E0EA617567888C93B1D9A668 /* Build configuration list for PBXProject "DevReinstaller" */;
			developmentRegion = en;
			hasScannedForEncodings = 0;
			knownRegions = (
				Base,
				en,
				he,
			);
			mainGroup = BF71E59A8DE8B5FBA4245C47;
			minimizedProjectReferenceProxies = 1;
			preferredProjectObjectVersion = 77;
			productRefGroup = 6DF402FF6DB55FF1CC4D350F /* Products */;
			projectDirPath = "";
			projectRoot = "";
			targets = (
				34B8ECE8E55601C721C40F92 /* DevReinstaller */,
				38EEA9702C852901ED4297A3 /* DevReinstallerTests */,
			);
		};
/* End PBXProject section */

/* Begin PBXResourcesBuildPhase section */
		509795594C55D5221B2AD5FA /* Resources */ = {
			isa = PBXResourcesBuildPhase;
			buildActionMask = 2147483647;
			files = (
				C7D5C1EC615937733F0B43C1 /* Assets.xcassets in Resources */,
				7D9D69EBB82C7BDF88F43AEC /* Localizable.strings in Resources */,
			);
			runOnlyForDeploymentPostprocessing = 0;
		};
/* End PBXResourcesBuildPhase section */

/* Begin PBXSourcesBuildPhase section */
		741DFCA9DC7F324316565D69 /* Sources */ = {
			isa = PBXSourcesBuildPhase;
			buildActionMask = 2147483647;
			files = (
				E984486315C87025E3188B98 /* DeviceInstallationSelectionTests.swift in Sources */,
				96315487EA9A2BC38313B51E /* DeviceListDecodingTests.swift in Sources */,
				B9806F81FD17134B340C5EB7 /* DirectXcodeInstallationTests.swift in Sources */,
				3C981CA011F8057BCF97A211 /* InstallationLogTests.swift in Sources */,
				27E4991AB931AEDAAEF3301C /* InstallationNotificationTextTests.swift in Sources */,
				F6DB1C8FC0B9ED5795818352 /* InstallationRecordTests.swift in Sources */,
				9E2DB6FD5E0C3E888F841C2E /* ProjectIconServiceTests.swift in Sources */,
				F611BF341D7DBBB336CF4335 /* ProjectVersionServiceTests.swift in Sources */,
				277BC7FC1164BDD5BCD003DB /* SchedulingPolicyTests.swift in Sources */,
			);
			runOnlyForDeploymentPostprocessing = 0;
		};
		78E06C20D732E42F8B2057B9 /* Sources */ = {
			isa = PBXSourcesBuildPhase;
			buildActionMask = 2147483647;
			files = (
				65A7345C1F7C4D09ADD17855 /* ActivityView.swift in Sources */,
				20EB26A8F04515F3AD5C3DD2 /* AppModel.swift in Sources */,
				9C94313F7AA6F8A04E5D237E /* AppState.swift in Sources */,
				ECA193D5E5BBA3D6D0C5505D /* ConnectedDevice.swift in Sources */,
				835E2CA0968CF6CC01939BA0 /* DevReinstallerApp.swift in Sources */,
				1E5182B6E96C62F82059AAD7 /* DeveloperTeam.swift in Sources */,
				1186E2185CD2B47490BED7A5 /* DeveloperTeamService.swift in Sources */,
				8496F42A3A5DE91AC5988C00 /* DeviceService.swift in Sources */,
				19FA68805AC145C380654490 /* InstallationLogWindow.swift in Sources */,
				E0C57A331B8F4DEC24C29D01 /* InstallationService.swift in Sources */,
				0546F2565573D5B0CE96D807 /* LaunchAtLoginService.swift in Sources */,
				ADA3814ED1C0230DF314146B /* Localization.swift in Sources */,
				09478F432E9E7127FC0EC685 /* ManagedProject.swift in Sources */,
				B87B359B6C7B0461D30B89C4 /* MenuBarView.swift in Sources */,
				9ACCD2BFC4A7E2CEB8F9A403 /* NotificationService.swift in Sources */,
				63456DB04B93FCDB5C834C8C /* ProcessRunner.swift in Sources */,
				B910BF9502A894DE3FF1A5C6 /* ProjectDiscoveryService.swift in Sources */,
				FB476F5BFD8D6374E1DEA810 /* ProjectIconService.swift in Sources */,
				98E31E46A8C0D37D3CF104A7 /* ProjectIconView.swift in Sources */,
				FADF81C595986F7A66178955 /* ProjectVersionService.swift in Sources */,
				0A10348FDC1A0D0356AA524A /* ProjectsSettingsView.swift in Sources */,
				161ACFF6DCD3A596AC73B7C3 /* SchedulingPolicy.swift in Sources */,
				451F081116C20A44CA1B01F6 /* SettingsStore.swift in Sources */,
				4BA6939F3D7551400440E504 /* SettingsView.swift in Sources */,
				2652BD40CD8514A5C2AC9F9F /* USBConnectionMonitor.swift in Sources */,
			);
			runOnlyForDeploymentPostprocessing = 0;
		};
/* End PBXSourcesBuildPhase section */

/* Begin PBXTargetDependency section */
		786D3CF89B2DEE93789FF1B7 /* PBXTargetDependency */ = {
			isa = PBXTargetDependency;
			target = 34B8ECE8E55601C721C40F92 /* DevReinstaller */;
			targetProxy = B12E850FB41F5BEA876CE53A /* PBXContainerItemProxy */;
		};
/* End PBXTargetDependency section */

/* Begin PBXVariantGroup section */
		3856B09AD5EC33CE89E7E40F /* Localizable.strings */ = {
			isa = PBXVariantGroup;
			children = (
				480A3FB11265FBE874E7B8F1 /* en */,
				86EF1508F5839D50A2A53C25 /* he */,
			);
			name = Localizable.strings;
			sourceTree = "<group>";
		};
/* End PBXVariantGroup section */

/* Begin XCBuildConfiguration section */
		131C22AF251B6A38A7CC0270 /* Release */ = {
			isa = XCBuildConfiguration;
			buildSettings = {
				ASSETCATALOG_COMPILER_APPICON_NAME = AppIcon;
				ASSETCATALOG_COMPILER_GENERATE_SWIFT_ASSET_SYMBOL_EXTENSIONS = NO;
				COMBINE_HIDPI_IMAGES = YES;
				ENABLE_APP_SANDBOX = NO;
				ENABLE_HARDENED_RUNTIME = YES;
				GENERATE_INFOPLIST_FILE = YES;
				INFOPLIST_KEY_CFBundleDisplayName = "Development Management";
				INFOPLIST_KEY_CFBundleShortVersionString = "$(MARKETING_VERSION)";
				INFOPLIST_KEY_CFBundleVersion = "$(CURRENT_PROJECT_VERSION)";
				INFOPLIST_KEY_LSApplicationCategoryType = "public.app-category.developer-tools";
				INFOPLIST_KEY_LSUIElement = YES;
				LD_RUNPATH_SEARCH_PATHS = (
					"$(inherited)",
					"@executable_path/../Frameworks",
				);
				PRODUCT_BUNDLE_IDENTIFIER = com.zivtal.DevReinstaller;
				PRODUCT_MODULE_NAME = DevReinstaller;
				PRODUCT_NAME = "Development Management";
				SDKROOT = macosx;
			};
			name = Release;
		};
		7DD7AFC1BF2CCE7F7926A1C9 /* Debug */ = {
			isa = XCBuildConfiguration;
			buildSettings = {
				BUNDLE_LOADER = "$(TEST_HOST)";
				COMBINE_HIDPI_IMAGES = YES;
				GENERATE_INFOPLIST_FILE = YES;
				LD_RUNPATH_SEARCH_PATHS = (
					"$(inherited)",
					"@executable_path/../Frameworks",
					"@loader_path/../Frameworks",
				);
				PRODUCT_BUNDLE_IDENTIFIER = com.zivtal.DevReinstallerTests;
				SDKROOT = macosx;
				TEST_HOST = "$(BUILT_PRODUCTS_DIR)/Development Management.app/Contents/MacOS/Development Management";
			};
			name = Debug;
		};
		A5F2D31C067554801B414AC4 /* Release */ = {
			isa = XCBuildConfiguration;
			buildSettings = {
				ALWAYS_SEARCH_USER_PATHS = NO;
				CLANG_ANALYZER_NONNULL = YES;
				CLANG_ANALYZER_NUMBER_OBJECT_CONVERSION = YES_AGGRESSIVE;
				CLANG_CXX_LANGUAGE_STANDARD = "gnu++14";
				CLANG_CXX_LIBRARY = "libc++";
				CLANG_ENABLE_MODULES = YES;
				CLANG_ENABLE_OBJC_ARC = YES;
				CLANG_ENABLE_OBJC_WEAK = YES;
				CLANG_WARN_BLOCK_CAPTURE_AUTORELEASING = YES;
				CLANG_WARN_BOOL_CONVERSION = YES;
				CLANG_WARN_COMMA = YES;
				CLANG_WARN_CONSTANT_CONVERSION = YES;
				CLANG_WARN_DEPRECATED_OBJC_IMPLEMENTATIONS = YES;
				CLANG_WARN_DIRECT_OBJC_ISA_USAGE = YES_ERROR;
				CLANG_WARN_DOCUMENTATION_COMMENTS = YES;
				CLANG_WARN_EMPTY_BODY = YES;
				CLANG_WARN_ENUM_CONVERSION = YES;
				CLANG_WARN_INFINITE_RECURSION = YES;
				CLANG_WARN_INT_CONVERSION = YES;
				CLANG_WARN_NON_LITERAL_NULL_CONVERSION = YES;
				CLANG_WARN_OBJC_IMPLICIT_RETAIN_SELF = YES;
				CLANG_WARN_OBJC_LITERAL_CONVERSION = YES;
				CLANG_WARN_OBJC_ROOT_CLASS = YES_ERROR;
				CLANG_WARN_QUOTED_INCLUDE_IN_FRAMEWORK_HEADER = YES;
				CLANG_WARN_RANGE_LOOP_ANALYSIS = YES;
				CLANG_WARN_STRICT_PROTOTYPES = YES;
				CLANG_WARN_SUSPICIOUS_MOVE = YES;
				CLANG_WARN_UNGUARDED_AVAILABILITY = YES_AGGRESSIVE;
				CLANG_WARN_UNREACHABLE_CODE = YES;
				CLANG_WARN__DUPLICATE_METHOD_MATCH = YES;
				CODE_SIGN_STYLE = Automatic;
				COPY_PHASE_STRIP = NO;
				CURRENT_PROJECT_VERSION = 16;
				DEBUG_INFORMATION_FORMAT = "dwarf-with-dsym";
				DEVELOPMENT_TEAM = 52HV33827A;
				ENABLE_NS_ASSERTIONS = NO;
				ENABLE_STRICT_OBJC_MSGSEND = YES;
				GCC_C_LANGUAGE_STANDARD = gnu11;
				GCC_NO_COMMON_BLOCKS = YES;
				GCC_WARN_64_TO_32_BIT_CONVERSION = YES;
				GCC_WARN_ABOUT_RETURN_TYPE = YES_ERROR;
				GCC_WARN_UNDECLARED_SELECTOR = YES;
				GCC_WARN_UNINITIALIZED_AUTOS = YES_AGGRESSIVE;
				GCC_WARN_UNUSED_FUNCTION = YES;
				GCC_WARN_UNUSED_VARIABLE = YES;
				MACOSX_DEPLOYMENT_TARGET = 14.0;
				MARKETING_VERSION = 1.1.5;
				MTL_ENABLE_DEBUG_INFO = NO;
				MTL_FAST_MATH = YES;
				PRODUCT_NAME = "$(TARGET_NAME)";
				SDKROOT = macosx;
				SWIFT_COMPILATION_MODE = wholemodule;
				SWIFT_OPTIMIZATION_LEVEL = "-O";
				SWIFT_VERSION = 5.10;
			};
			name = Release;
		};
		A9286258EFDB65EDE73BFB7A /* Debug */ = {
			isa = XCBuildConfiguration;
			buildSettings = {
				ALWAYS_SEARCH_USER_PATHS = NO;
				CLANG_ANALYZER_NONNULL = YES;
				CLANG_ANALYZER_NUMBER_OBJECT_CONVERSION = YES_AGGRESSIVE;
				CLANG_CXX_LANGUAGE_STANDARD = "gnu++14";
				CLANG_CXX_LIBRARY = "libc++";
				CLANG_ENABLE_MODULES = YES;
				CLANG_ENABLE_OBJC_ARC = YES;
				CLANG_ENABLE_OBJC_WEAK = YES;
				CLANG_WARN_BLOCK_CAPTURE_AUTORELEASING = YES;
				CLANG_WARN_BOOL_CONVERSION = YES;
				CLANG_WARN_COMMA = YES;
				CLANG_WARN_CONSTANT_CONVERSION = YES;
				CLANG_WARN_DEPRECATED_OBJC_IMPLEMENTATIONS = YES;
				CLANG_WARN_DIRECT_OBJC_ISA_USAGE = YES_ERROR;
				CLANG_WARN_DOCUMENTATION_COMMENTS = YES;
				CLANG_WARN_EMPTY_BODY = YES;
				CLANG_WARN_ENUM_CONVERSION = YES;
				CLANG_WARN_INFINITE_RECURSION = YES;
				CLANG_WARN_INT_CONVERSION = YES;
				CLANG_WARN_NON_LITERAL_NULL_CONVERSION = YES;
				CLANG_WARN_OBJC_IMPLICIT_RETAIN_SELF = YES;
				CLANG_WARN_OBJC_LITERAL_CONVERSION = YES;
				CLANG_WARN_OBJC_ROOT_CLASS = YES_ERROR;
				CLANG_WARN_QUOTED_INCLUDE_IN_FRAMEWORK_HEADER = YES;
				CLANG_WARN_RANGE_LOOP_ANALYSIS = YES;
				CLANG_WARN_STRICT_PROTOTYPES = YES;
				CLANG_WARN_SUSPICIOUS_MOVE = YES;
				CLANG_WARN_UNGUARDED_AVAILABILITY = YES_AGGRESSIVE;
				CLANG_WARN_UNREACHABLE_CODE = YES;
				CLANG_WARN__DUPLICATE_METHOD_MATCH = YES;
				CODE_SIGN_STYLE = Automatic;
				COPY_PHASE_STRIP = NO;
				CURRENT_PROJECT_VERSION = 16;
				DEBUG_INFORMATION_FORMAT = dwarf;
				DEVELOPMENT_TEAM = 52HV33827A;
				ENABLE_STRICT_OBJC_MSGSEND = YES;
				ENABLE_TESTABILITY = YES;
				GCC_C_LANGUAGE_STANDARD = gnu11;
				GCC_DYNAMIC_NO_PIC = NO;
				GCC_NO_COMMON_BLOCKS = YES;
				GCC_OPTIMIZATION_LEVEL = 0;
				GCC_PREPROCESSOR_DEFINITIONS = (
					"$(inherited)",
					"DEBUG=1",
				);
				GCC_WARN_64_TO_32_BIT_CONVERSION = YES;
				GCC_WARN_ABOUT_RETURN_TYPE = YES_ERROR;
				GCC_WARN_UNDECLARED_SELECTOR = YES;
				GCC_WARN_UNINITIALIZED_AUTOS = YES_AGGRESSIVE;
				GCC_WARN_UNUSED_FUNCTION = YES;
				GCC_WARN_UNUSED_VARIABLE = YES;
				MACOSX_DEPLOYMENT_TARGET = 14.0;
				MARKETING_VERSION = 1.1.5;
				MTL_ENABLE_DEBUG_INFO = INCLUDE_SOURCE;
				MTL_FAST_MATH = YES;
				ONLY_ACTIVE_ARCH = YES;
				PRODUCT_NAME = "$(TARGET_NAME)";
				SDKROOT = macosx;
				SWIFT_ACTIVE_COMPILATION_CONDITIONS = DEBUG;
				SWIFT_OPTIMIZATION_LEVEL = "-Onone";
				SWIFT_VERSION = 5.10;
			};
			name = Debug;
		};
		DA532E10584EA11FDEF2FE91 /* Release */ = {
			isa = XCBuildConfiguration;
			buildSettings = {
				BUNDLE_LOADER = "$(TEST_HOST)";
				COMBINE_HIDPI_IMAGES = YES;
				GENERATE_INFOPLIST_FILE = YES;
				LD_RUNPATH_SEARCH_PATHS = (
					"$(inherited)",
					"@executable_path/../Frameworks",
					"@loader_path/../Frameworks",
				);
				PRODUCT_BUNDLE_IDENTIFIER = com.zivtal.DevReinstallerTests;
				SDKROOT = macosx;
				TEST_HOST = "$(BUILT_PRODUCTS_DIR)/Development Management.app/Contents/MacOS/Development Management";
			};
			name = Release;
		};
		EF28D6C2DC6182B5EA29924C /* Debug */ = {
			isa = XCBuildConfiguration;
			buildSettings = {
				ASSETCATALOG_COMPILER_APPICON_NAME = AppIcon;
				ASSETCATALOG_COMPILER_GENERATE_SWIFT_ASSET_SYMBOL_EXTENSIONS = NO;
				COMBINE_HIDPI_IMAGES = YES;
				ENABLE_APP_SANDBOX = NO;
				ENABLE_HARDENED_RUNTIME = YES;
				GENERATE_INFOPLIST_FILE = YES;
				INFOPLIST_KEY_CFBundleDisplayName = "Development Management";
				INFOPLIST_KEY_CFBundleShortVersionString = "$(MARKETING_VERSION)";
				INFOPLIST_KEY_CFBundleVersion = "$(CURRENT_PROJECT_VERSION)";
				INFOPLIST_KEY_LSApplicationCategoryType = "public.app-category.developer-tools";
				INFOPLIST_KEY_LSUIElement = YES;
				LD_RUNPATH_SEARCH_PATHS = (
					"$(inherited)",
					"@executable_path/../Frameworks",
				);
				PRODUCT_BUNDLE_IDENTIFIER = com.zivtal.DevReinstaller;
				PRODUCT_MODULE_NAME = DevReinstaller;
				PRODUCT_NAME = "Development Management";
				SDKROOT = macosx;
			};
			name = Debug;
		};
/* End XCBuildConfiguration section */

/* Begin XCConfigurationList section */
		1804DB0F0D3C86B390A3C430 /* Build configuration list for PBXNativeTarget "DevReinstallerTests" */ = {
			isa = XCConfigurationList;
			buildConfigurations = (
				7DD7AFC1BF2CCE7F7926A1C9 /* Debug */,
				DA532E10584EA11FDEF2FE91 /* Release */,
			);
			defaultConfigurationIsVisible = 0;
			defaultConfigurationName = Debug;
		};
		1E579AE35D17E80E4E16162B /* Build configuration list for PBXNativeTarget "DevReinstaller" */ = {
			isa = XCConfigurationList;
			buildConfigurations = (
				EF28D6C2DC6182B5EA29924C /* Debug */,
				131C22AF251B6A38A7CC0270 /* Release */,
			);
			defaultConfigurationIsVisible = 0;
			defaultConfigurationName = Debug;
		};
		E0EA617567888C93B1D9A668 /* Build configuration list for PBXProject "DevReinstaller" */ = {
			isa = XCConfigurationList;
			buildConfigurations = (
				A9286258EFDB65EDE73BFB7A /* Debug */,
				A5F2D31C067554801B414AC4 /* Release */,
			);
			defaultConfigurationIsVisible = 0;
			defaultConfigurationName = Debug;
		};
/* End XCConfigurationList section */
	};
	rootObject = C09E9F687FD34D759253C072 /* Project object */;
}
