// !$*UTF8*$!
{
	archiveVersion = 1;
	classes = {
	};
	objectVersion = 77;
	objects = {

/* Begin PBXBuildFile section */
		007970589EFEE05337282229 /* SandboxTester.swift in Sources */ = {isa = PBXBuildFile; fileRef = 3A7DCDDE189FC84C96037C81 /* SandboxTester.swift */; };
		027C50AFA8B0805A1D272090 /* KeychainCredentialStore.swift in Sources */ = {isa = PBXBuildFile; fileRef = E8217125EF1A7EDC42D724E6 /* KeychainCredentialStore.swift */; };
		0690A247F796B6DE1221DC4C /* Publishing.swift in Sources */ = {isa = PBXBuildFile; fileRef = A1907348C889C1CB74F76247 /* Publishing.swift */; };
		06EE2A5F979E5548AE7D75C3 /* PublishingSubscriptionForm.swift in Sources */ = {isa = PBXBuildFile; fileRef = 5E1276ED68C930278EA259F3 /* PublishingSubscriptionForm.swift */; };
		08CCF7D7EAE702FDD8EBDA3B /* SandboxTestersSettingsView.swift in Sources */ = {isa = PBXBuildFile; fileRef = 00FDAF924E34B887A424033F /* SandboxTestersSettingsView.swift */; };
		0B203CBCCA4AED31D80D61C3 /* ProjectGitServiceTests.swift in Sources */ = {isa = PBXBuildFile; fileRef = 8731D5EE09A9918B33614939 /* ProjectGitServiceTests.swift */; };
		0EFCC40A31BDE64FC7DFCE67 /* SandboxTesterServiceTests.swift in Sources */ = {isa = PBXBuildFile; fileRef = 0E6EB9AF1E8FA9C94AAA2117 /* SandboxTesterServiceTests.swift */; };
		10B73E068A2930D8B63CD51A /* PublishingExperience.swift in Sources */ = {isa = PBXBuildFile; fileRef = EEB7006C83FBE963AE4FD977 /* PublishingExperience.swift */; };
		121804B98A7161635E126A7F /* ProjectVersionServiceTests.swift in Sources */ = {isa = PBXBuildFile; fileRef = 456F7738EAE617528B0F3D42 /* ProjectVersionServiceTests.swift */; };
		13D1BC1DE58C277C97276348 /* XcodeSchemeBuildPreparationTests.swift in Sources */ = {isa = PBXBuildFile; fileRef = 8A466250B1213AF0E709F70B /* XcodeSchemeBuildPreparationTests.swift */; };
		1766C77D192322DDFE013B52 /* AppModel.swift in Sources */ = {isa = PBXBuildFile; fileRef = D190FC0A3C788DB8CD0DA91D /* AppModel.swift */; };
		186176281EFB29233526C564 /* UserNotifications.framework in Frameworks */ = {isa = PBXBuildFile; fileRef = B9D31026AFB1960E78BA7E7B /* UserNotifications.framework */; };
		1F60A97E4452BC3D63D176D6 /* Localizable.strings in Resources */ = {isa = PBXBuildFile; fileRef = D17B264A0F29A8D7C101F2E1 /* Localizable.strings */; };
		202D345134232293697DEBBE /* SchedulingPolicy.swift in Sources */ = {isa = PBXBuildFile; fileRef = C70F5F43D187C2F2650E2E67 /* SchedulingPolicy.swift */; };
		22C28BAC53CFCD66B2E32B71 /* InstallationLogTests.swift in Sources */ = {isa = PBXBuildFile; fileRef = 3BBE583F20FCC937D9A94803 /* InstallationLogTests.swift */; };
		248E258EBC6366CDF5E26AAF /* DeveloperTeam.swift in Sources */ = {isa = PBXBuildFile; fileRef = 46CA950089CCC0AD6A4134BC /* DeveloperTeam.swift */; };
		26808D5C2DAEB3D8364A2B0D /* AppState.swift in Sources */ = {isa = PBXBuildFile; fileRef = 67D1D69275F7090166986CDC /* AppState.swift */; };
		286867ABE436B1581E60801B /* ProjectIconView.swift in Sources */ = {isa = PBXBuildFile; fileRef = 3AEB1BCEB0B82ED6D7E33965 /* ProjectIconView.swift */; };
		28BA34EC2DE3AC31188C4DCD /* ProcessRunner.swift in Sources */ = {isa = PBXBuildFile; fileRef = 1CB256DC4A73BE90711652A1 /* ProcessRunner.swift */; };
		298DA27A0C01CAF48959EDDC /* SimulatorRunSettingsTests.swift in Sources */ = {isa = PBXBuildFile; fileRef = 0118BB9B47E2C638D6BDA5C4 /* SimulatorRunSettingsTests.swift */; };
		2A1BA4E8DAD016908AD34443 /* String+NonEmpty.swift in Sources */ = {isa = PBXBuildFile; fileRef = 883000032D46600DD5CCFF08 /* String+NonEmpty.swift */; };
		2EAD4588B3ED14D05EC419E0 /* SimulatorBuildPreparationTests.swift in Sources */ = {isa = PBXBuildFile; fileRef = 3AC4A69D26449CB125A811DD /* SimulatorBuildPreparationTests.swift */; };
		30BE0C471F8EE7AA7B72A601 /* ProjectIconServiceTests.swift in Sources */ = {isa = PBXBuildFile; fileRef = A59E1559E63A3643555DC751 /* ProjectIconServiceTests.swift */; };
		333B2C5902BEB7FA416E5E91 /* ProjectVersionService.swift in Sources */ = {isa = PBXBuildFile; fileRef = 16304D3C5216A6E329FC687D /* ProjectVersionService.swift */; };
		39014D8E2DF2D3F0435101AA /* PerProjectWindowRegistry.swift in Sources */ = {isa = PBXBuildFile; fileRef = 53B159452A3962357814C8C2 /* PerProjectWindowRegistry.swift */; };
		3A03B76E9DB0978F003F953F /* IOKit.framework in Frameworks */ = {isa = PBXBuildFile; fileRef = DB755CA878595D122931F826 /* IOKit.framework */; };
		41F4CC96660B8C903E97094D /* SigningCertificateProvenanceTests.swift in Sources */ = {isa = PBXBuildFile; fileRef = 1D4973537ABDEFA5FA430285 /* SigningCertificateProvenanceTests.swift */; };
		422B8C64B8CDDF89EC20DC98 /* SimulatorFilesStorage.swift in Sources */ = {isa = PBXBuildFile; fileRef = 31AD0A6AFC6F8BB65286A32E /* SimulatorFilesStorage.swift */; };
		424073DCC7F03EE62B815AA7 /* SigningProcessAndRecoveryTests.swift in Sources */ = {isa = PBXBuildFile; fileRef = 3B719B011062FBC6451EE3D6 /* SigningProcessAndRecoveryTests.swift */; };
		4349D459F2E4B2C4F17EA0E1 /* AppStorePublishingTests.swift in Sources */ = {isa = PBXBuildFile; fileRef = 7FA9DEC991B43F6B915C1712 /* AppStorePublishingTests.swift */; };
		4A814A652BD78B42A602368D /* PendingSigningCertificateStore.swift in Sources */ = {isa = PBXBuildFile; fileRef = DC0A8058098CBFFE6FA56596 /* PendingSigningCertificateStore.swift */; };
		4C0613B0ABF394EB4A0C8B3D /* StoreKitSubscriptionDiscoveryService.swift in Sources */ = {isa = PBXBuildFile; fileRef = 25055FBACD7B5FDD275AF0E0 /* StoreKitSubscriptionDiscoveryService.swift */; };
		4F11A5CF8829E494E7FAE4A8 /* AppStoreConnectSigningRequestTests.swift in Sources */ = {isa = PBXBuildFile; fileRef = 0CB882F938CF4D541C2DF343 /* AppStoreConnectSigningRequestTests.swift */; };
		586865366583D21C8E8EF961 /* USBConnectionMonitor.swift in Sources */ = {isa = PBXBuildFile; fileRef = 1EE52232D5DB1CF4FF3954EE /* USBConnectionMonitor.swift */; };
		5A0A5C5DC670DB27092EEA59 /* PublishingExperienceTests.swift in Sources */ = {isa = PBXBuildFile; fileRef = 35E9A1A9B6FDB5D74804A1F1 /* PublishingExperienceTests.swift */; };
		5ABA067966EE5ADBBB2DFBEC /* MacOSInstallationTests.swift in Sources */ = {isa = PBXBuildFile; fileRef = D085DB26020DCCCA468F3EA7 /* MacOSInstallationTests.swift */; };
		5D41A6E71F1C826F59EA122E /* SimulatorRunWindow.swift in Sources */ = {isa = PBXBuildFile; fileRef = 82D324D2082CA24FCDC4D541 /* SimulatorRunWindow.swift */; };
		5FBF32C8DE8C0A0D70999AA2 /* DeveloperTeamService.swift in Sources */ = {isa = PBXBuildFile; fileRef = F20FE1B7E5F176778282E80E /* DeveloperTeamService.swift */; };
		614EB1AC385AB547B28CACE4 /* SettingsView.swift in Sources */ = {isa = PBXBuildFile; fileRef = 92BA78CBDD2A9BB9E2A7417E /* SettingsView.swift */; };
		642ACDD0B44BC448AD2549B4 /* Localization.swift in Sources */ = {isa = PBXBuildFile; fileRef = A22ABD6C88F410A71DC9F716 /* Localization.swift */; };
		6547D59C8CD027A8659A7944 /* AppStoreConnectReviewSubmissionService.swift in Sources */ = {isa = PBXBuildFile; fileRef = 99980DEA6AE5F8012A72002A /* AppStoreConnectReviewSubmissionService.swift */; };
		656E89642D340B1481D4BB85 /* DevManagementApp.swift in Sources */ = {isa = PBXBuildFile; fileRef = EE36EEE9705302CF6B6190C7 /* DevManagementApp.swift */; };
		65A8CD753557F0B9B571B41C /* ProjectGitService.swift in Sources */ = {isa = PBXBuildFile; fileRef = 8CC44A4ABC103EA079DB6BB4 /* ProjectGitService.swift */; };
		68CCE54A459F4078E5406101 /* SettingsStore.swift in Sources */ = {isa = PBXBuildFile; fileRef = 25700C1E26331F9B6C65EBC7 /* SettingsStore.swift */; };
		6A959F01BA7F8BE032126ECB /* PublishingSettingsView.swift in Sources */ = {isa = PBXBuildFile; fileRef = 960A2EC9E613818529E77D09 /* PublishingSettingsView.swift */; };
		72023698FDFDB4D51D90D1FF /* AppStoreArchiveMetadataTests.swift in Sources */ = {isa = PBXBuildFile; fileRef = 00DA70D9C57D60634A83F11A /* AppStoreArchiveMetadataTests.swift */; };
		72A1881F1249603B754F89AB /* XcodeGenProjectPreparationService.swift in Sources */ = {isa = PBXBuildFile; fileRef = CC031DD8C8850B95D5E78916 /* XcodeGenProjectPreparationService.swift */; };
		7A78624D63DDE0AE53B3E9DA /* SimulatorRunSettings.swift in Sources */ = {isa = PBXBuildFile; fileRef = 36F57AA657C7B65F2E18232D /* SimulatorRunSettings.swift */; };
		80A1AAFB6139F7B3A8F903B3 /* ProjectIconService.swift in Sources */ = {isa = PBXBuildFile; fileRef = 913C295EE121D11D54FE3D0D /* ProjectIconService.swift */; };
		8199A49AA886A754DB713052 /* DeviceListDecodingTests.swift in Sources */ = {isa = PBXBuildFile; fileRef = 7ECE78A5E7910A50DA9C2476 /* DeviceListDecodingTests.swift */; };
		81B9F0DC957238241C260185 /* SigningKeychainService.swift in Sources */ = {isa = PBXBuildFile; fileRef = DCD6E21709AD57FE2516C5A5 /* SigningKeychainService.swift */; };
		82C6167D95C623BEE0B4729F /* AppStorePrivacyPublishingService.swift in Sources */ = {isa = PBXBuildFile; fileRef = 8F4D16DBF90639806C2952C8 /* AppStorePrivacyPublishingService.swift */; };
		82CA418AAA148D04A5BD9561 /* Security.framework in Frameworks */ = {isa = PBXBuildFile; fileRef = C5F0C23D0229DDD555E4235A /* Security.framework */; };
		838F0881E4A418BDF08E4B07 /* AppStoreReviewAssetServiceTests.swift in Sources */ = {isa = PBXBuildFile; fileRef = AA50B22EEA4F44C04C57D311 /* AppStoreReviewAssetServiceTests.swift */; };
		83CFCF32E6A27D8E46FD0830 /* ProjectDiscoveryService.swift in Sources */ = {isa = PBXBuildFile; fileRef = 9A274BABF591ED945D7895E6 /* ProjectDiscoveryService.swift */; };
		888253A11CA00C81D01AEDC3 /* Assets.xcassets in Resources */ = {isa = PBXBuildFile; fileRef = C19A08F5E6B9B95BCCBB61FB /* Assets.xcassets */; };
		89D3B46308B7974D1158B4EE /* XcodeSchemeBuildPreparationService.swift in Sources */ = {isa = PBXBuildFile; fileRef = B3FB8168F49AC5165CA13526 /* XcodeSchemeBuildPreparationService.swift */; };
		8B000FE50BDAD47E586FDC95 /* PublishingPrivacyDraftFields.swift in Sources */ = {isa = PBXBuildFile; fileRef = 247CEE9CD0CC978A72B0A2E6 /* PublishingPrivacyDraftFields.swift */; };
		8E203327032B650A64BF8924 /* ProjectLocalizationDiscoveryService.swift in Sources */ = {isa = PBXBuildFile; fileRef = F58FBC7AF5A7D51D823487C5 /* ProjectLocalizationDiscoveryService.swift */; };
		95B6832D1AD4A1A98A759720 /* PublishingReadinessView.swift in Sources */ = {isa = PBXBuildFile; fileRef = 9E6B368943210F206DF5C9E6 /* PublishingReadinessView.swift */; };
		9632C4EDAFFF50F0AA2F4FEE /* SchedulingPolicyTests.swift in Sources */ = {isa = PBXBuildFile; fileRef = 7EB3B7AB29B4412F47C54292 /* SchedulingPolicyTests.swift */; };
		9924FBE749A4A931B01BFC19 /* SourceFingerprintCalculator.swift in Sources */ = {isa = PBXBuildFile; fileRef = FE8C60A886C1D3AD3A509D7B /* SourceFingerprintCalculator.swift */; };
		9A6ED0392C47FB0214A93417 /* DirectXcodeInstallationTests.swift in Sources */ = {isa = PBXBuildFile; fileRef = 6A0994C5CD237B832074C055 /* DirectXcodeInstallationTests.swift */; };
		9B40DB677026BBB23FF93EC8 /* ProjectsSettingsView.swift in Sources */ = {isa = PBXBuildFile; fileRef = D4E551EDA5AB8441BCD618FA /* ProjectsSettingsView.swift */; };
		9D7F580C89BD70EA6C0EBB86 /* InstallationLogWindow.swift in Sources */ = {isa = PBXBuildFile; fileRef = 439AE14DCCE24CDCB7F7CD21 /* InstallationLogWindow.swift */; };
		A320D33616A2FE0C503BE868 /* AppStoreReleaseNotesEvidenceService.swift in Sources */ = {isa = PBXBuildFile; fileRef = A437F70A24F278201E172E4B /* AppStoreReleaseNotesEvidenceService.swift */; };
		A4CC946BE9C78258DA04C3B8 /* SimulatorSessionController.swift in Sources */ = {isa = PBXBuildFile; fileRef = 52ACE1995ADC38C33666AD70 /* SimulatorSessionController.swift */; };
		A57E2BAE706C2E5A1F39FB84 /* SimulatorService.swift in Sources */ = {isa = PBXBuildFile; fileRef = D594DD13523F79CF71BEA250 /* SimulatorService.swift */; };
		A8D413789388A0BF23682C35 /* OpenAIStoreMetadataService.swift in Sources */ = {isa = PBXBuildFile; fileRef = 41B846AE2D38B1B7E7AC1C25 /* OpenAIStoreMetadataService.swift */; };
		AB83EAE7DF4B7FC08B5E3BF9 /* DistributionCertificateProvisioningService.swift in Sources */ = {isa = PBXBuildFile; fileRef = 2C66A29E860D54DCC7B0EFDC /* DistributionCertificateProvisioningService.swift */; };
		B053F9EB45F1331720625669 /* AppStoreConnectReviewSubmissionTests.swift in Sources */ = {isa = PBXBuildFile; fileRef = EA1F534FD2993AC883A1EA56 /* AppStoreConnectReviewSubmissionTests.swift */; };
		B1EBEC96A382A7896C968CD4 /* MenuBarView.swift in Sources */ = {isa = PBXBuildFile; fileRef = B4BD224F76E01A19DEBB6020 /* MenuBarView.swift */; };
		B24A7569EE19C148FEE36102 /* PublishingWindow.swift in Sources */ = {isa = PBXBuildFile; fileRef = AC02EA04969F48B7CB14ED49 /* PublishingWindow.swift */; };
		B83A4EAA414165468AF70F69 /* SubscriptionPricingCardsView.swift in Sources */ = {isa = PBXBuildFile; fileRef = 2560EED79D4F38A53DDABAB1 /* SubscriptionPricingCardsView.swift */; };
		BA3B98E8D283CF5E678567D5 /* SimulatorDeviceParsingTests.swift in Sources */ = {isa = PBXBuildFile; fileRef = AE87686D35938948D1C9F302 /* SimulatorDeviceParsingTests.swift */; };
		BED08FEC41A5C801D5F6FE2D /* AppStoreConnectCredentialProfile.swift in Sources */ = {isa = PBXBuildFile; fileRef = 4B8D0D564881B1EC0B5C65E8 /* AppStoreConnectCredentialProfile.swift */; };
		C0820A8CA20DBBA4BE058884 /* InstallationService.swift in Sources */ = {isa = PBXBuildFile; fileRef = 8648AB030DDA915B7137674A /* InstallationService.swift */; };
		C11CA83D503599C3076DB02C /* PublishingProgressView.swift in Sources */ = {isa = PBXBuildFile; fileRef = 1B7096F249D3F3EBC32EEAF2 /* PublishingProgressView.swift */; };
		C1B411498FE8C0479689032E /* MenuBarLayoutPolicyTests.swift in Sources */ = {isa = PBXBuildFile; fileRef = 216D98980B9264F7BC5DC75E /* MenuBarLayoutPolicyTests.swift */; };
		C4C0FE74DE9AE6F29AC8A033 /* AppStoreConnectServiceSandboxTesters.swift in Sources */ = {isa = PBXBuildFile; fileRef = 272365064E9C495BDD9703B7 /* AppStoreConnectServiceSandboxTesters.swift */; };
		CEB5F920493A8DDB3DE1EE4A /* AppStorePublishingService.swift in Sources */ = {isa = PBXBuildFile; fileRef = 2BD6608F16060C2A947AB416 /* AppStorePublishingService.swift */; };
		CEF783C3241582FDA83E2E5A /* AppStoreConnectCredentialTests.swift in Sources */ = {isa = PBXBuildFile; fileRef = 38A1DE6179F2DBCC345DFED4 /* AppStoreConnectCredentialTests.swift */; };
		D52961329C5206214FDA8DA3 /* AppStoreDistributionSigningTests.swift in Sources */ = {isa = PBXBuildFile; fileRef = 42050875C39C6F8D066FD010 /* AppStoreDistributionSigningTests.swift */; };
		D62324A78C666F5EF8101F39 /* XcodeGenProjectPreparationTests.swift in Sources */ = {isa = PBXBuildFile; fileRef = 13FDDF9F48698084B25CFFA3 /* XcodeGenProjectPreparationTests.swift */; };
		D65D97E3585DFF4F4C1B1409 /* ConnectedDevice.swift in Sources */ = {isa = PBXBuildFile; fileRef = F0958EDE18F62F4A209B64D6 /* ConnectedDevice.swift */; };
		DB97A95115436415096EE602 /* RedeemCodesWindow.swift in Sources */ = {isa = PBXBuildFile; fileRef = D0ACE515316EFEF59D186D43 /* RedeemCodesWindow.swift */; };
		E102DDBCE6CBE4913170B88D /* InstallationNotificationTextTests.swift in Sources */ = {isa = PBXBuildFile; fileRef = 86BBDE915B650D7851ACEB46 /* InstallationNotificationTextTests.swift */; };
		E15606ACC729209E8CB88909 /* AppStorePublicationURLValidator.swift in Sources */ = {isa = PBXBuildFile; fileRef = E6526534493A80657384E6ED /* AppStorePublicationURLValidator.swift */; };
		E3271F358EC00D51C07016C9 /* DeviceService.swift in Sources */ = {isa = PBXBuildFile; fileRef = 44DF4CF45B211135EADC58B6 /* DeviceService.swift */; };
		E45A0B55F89C5F5588C0A08F /* AppStoreProvisioningProfileService.swift in Sources */ = {isa = PBXBuildFile; fileRef = 96AEDF2A49AA7430D17121C6 /* AppStoreProvisioningProfileService.swift */; };
		E5AFBE6FA508880021A7ED90 /* ManagedProject.swift in Sources */ = {isa = PBXBuildFile; fileRef = F664ECE9636F677E8254178A /* ManagedProject.swift */; };
		E60017FD44CBE13D9985D03E /* NotificationService.swift in Sources */ = {isa = PBXBuildFile; fileRef = C00D521CCAB99741C5A2A693 /* NotificationService.swift */; };
		E76224B0E67C03F1DF452264 /* AppStoreTerritoryPicker.swift in Sources */ = {isa = PBXBuildFile; fileRef = 7284611B9BD92101C774373C /* AppStoreTerritoryPicker.swift */; };
		E8D1E911D606170948BF2829 /* SimulatorDevice.swift in Sources */ = {isa = PBXBuildFile; fileRef = D444947DEF3918348A11669E /* SimulatorDevice.swift */; };
		E98763019E23E2629026467F /* RedeemCodeOfferDetailView.swift in Sources */ = {isa = PBXBuildFile; fileRef = 1E424D0BD8342267B04D406E /* RedeemCodeOfferDetailView.swift */; };
		EF0A0301F7123A4AA7B938EA /* SimulatorFilesStorageTests.swift in Sources */ = {isa = PBXBuildFile; fileRef = C6711067C4811DF28AA1C8EC /* SimulatorFilesStorageTests.swift */; };
		F025A22ECE444EC89FCCC583 /* AppStoreReviewAssetService.swift in Sources */ = {isa = PBXBuildFile; fileRef = FA3FC6FDE58B7AB3648A78A5 /* AppStoreReviewAssetService.swift */; };
		F0519AD063EEE31191289B4A /* PublishingAgeRatingFields.swift in Sources */ = {isa = PBXBuildFile; fileRef = E4C41CCD4A0006E175E4B9C2 /* PublishingAgeRatingFields.swift */; };
		F57E6396AC4BF95E55028684 /* AppStoreConnectService.swift in Sources */ = {isa = PBXBuildFile; fileRef = 537B048C63747430E7107A8A /* AppStoreConnectService.swift */; };
		F7F5FE2541978E7026204779 /* SourceChangeWatcher.swift in Sources */ = {isa = PBXBuildFile; fileRef = D098A21064D2822733DC96B9 /* SourceChangeWatcher.swift */; };
		FBB51E7BF36D23DFFD6059CB /* DeviceInstallationSelectionTests.swift in Sources */ = {isa = PBXBuildFile; fileRef = 530E58724DCC86E51ADA96DC /* DeviceInstallationSelectionTests.swift */; };
		FDA9CC031B2D6EA020FA048D /* ActivityView.swift in Sources */ = {isa = PBXBuildFile; fileRef = CCC55BBF92D1B08B76423F98 /* ActivityView.swift */; };
		FE4EB9CD154BAECAC02E2B72 /* LaunchAtLoginService.swift in Sources */ = {isa = PBXBuildFile; fileRef = 77A2784C79744CD66BFA25A1 /* LaunchAtLoginService.swift */; };
		FE7665307AB7E4513730F0E9 /* IssuedSigningCertificateProvenanceStore.swift in Sources */ = {isa = PBXBuildFile; fileRef = 51E3BA3AA027452830D54328 /* IssuedSigningCertificateProvenanceStore.swift */; };
		FE79B7C7E59A6F6747FDC37A /* InstallationRecordTests.swift in Sources */ = {isa = PBXBuildFile; fileRef = 7CA05D3B928C1D38506053D4 /* InstallationRecordTests.swift */; };
		FFA08E86D752D3D51B6D6764 /* AppStoreCopyrightNormalizer.swift in Sources */ = {isa = PBXBuildFile; fileRef = BFEE7B1D2C50ED2BB83B31D1 /* AppStoreCopyrightNormalizer.swift */; };
/* End PBXBuildFile section */

/* Begin PBXContainerItemProxy section */
		EEC0952C841F0D5C5D33D67A /* PBXContainerItemProxy */ = {
			isa = PBXContainerItemProxy;
			containerPortal = 0F400749F709DFACE617181E /* Project object */;
			proxyType = 1;
			remoteGlobalIDString = A389D3247DCD751F33F8BA33;
			remoteInfo = DevManagement;
		};
/* End PBXContainerItemProxy section */

/* Begin PBXFileReference section */
		00DA70D9C57D60634A83F11A /* AppStoreArchiveMetadataTests.swift */ = {isa = PBXFileReference; lastKnownFileType = sourcecode.swift; path = AppStoreArchiveMetadataTests.swift; sourceTree = "<group>"; };
		00FDAF924E34B887A424033F /* SandboxTestersSettingsView.swift */ = {isa = PBXFileReference; lastKnownFileType = sourcecode.swift; path = SandboxTestersSettingsView.swift; sourceTree = "<group>"; };
		0118BB9B47E2C638D6BDA5C4 /* SimulatorRunSettingsTests.swift */ = {isa = PBXFileReference; lastKnownFileType = sourcecode.swift; path = SimulatorRunSettingsTests.swift; sourceTree = "<group>"; };
		01B153B0F3FC4FFB61D3C31C /* he */ = {isa = PBXFileReference; lastKnownFileType = text.plist.strings; name = he; path = he.lproj/Localizable.strings; sourceTree = "<group>"; };
		0A2312160D3CCF96B05FCD4C /* en */ = {isa = PBXFileReference; lastKnownFileType = text.plist.strings; name = en; path = en.lproj/Localizable.strings; sourceTree = "<group>"; };
		0CB882F938CF4D541C2DF343 /* AppStoreConnectSigningRequestTests.swift */ = {isa = PBXFileReference; lastKnownFileType = sourcecode.swift; path = AppStoreConnectSigningRequestTests.swift; sourceTree = "<group>"; };
		0E6EB9AF1E8FA9C94AAA2117 /* SandboxTesterServiceTests.swift */ = {isa = PBXFileReference; lastKnownFileType = sourcecode.swift; path = SandboxTesterServiceTests.swift; sourceTree = "<group>"; };
		13FDDF9F48698084B25CFFA3 /* XcodeGenProjectPreparationTests.swift */ = {isa = PBXFileReference; lastKnownFileType = sourcecode.swift; path = XcodeGenProjectPreparationTests.swift; sourceTree = "<group>"; };
		16304D3C5216A6E329FC687D /* ProjectVersionService.swift */ = {isa = PBXFileReference; lastKnownFileType = sourcecode.swift; path = ProjectVersionService.swift; sourceTree = "<group>"; };
		1B7096F249D3F3EBC32EEAF2 /* PublishingProgressView.swift */ = {isa = PBXFileReference; lastKnownFileType = sourcecode.swift; path = PublishingProgressView.swift; sourceTree = "<group>"; };
		1CB256DC4A73BE90711652A1 /* ProcessRunner.swift */ = {isa = PBXFileReference; lastKnownFileType = sourcecode.swift; path = ProcessRunner.swift; sourceTree = "<group>"; };
		1D4973537ABDEFA5FA430285 /* SigningCertificateProvenanceTests.swift */ = {isa = PBXFileReference; lastKnownFileType = sourcecode.swift; path = SigningCertificateProvenanceTests.swift; sourceTree = "<group>"; };
		1E424D0BD8342267B04D406E /* RedeemCodeOfferDetailView.swift */ = {isa = PBXFileReference; lastKnownFileType = sourcecode.swift; path = RedeemCodeOfferDetailView.swift; sourceTree = "<group>"; };
		1EE52232D5DB1CF4FF3954EE /* USBConnectionMonitor.swift */ = {isa = PBXFileReference; lastKnownFileType = sourcecode.swift; path = USBConnectionMonitor.swift; sourceTree = "<group>"; };
		216D98980B9264F7BC5DC75E /* MenuBarLayoutPolicyTests.swift */ = {isa = PBXFileReference; lastKnownFileType = sourcecode.swift; path = MenuBarLayoutPolicyTests.swift; sourceTree = "<group>"; };
		247CEE9CD0CC978A72B0A2E6 /* PublishingPrivacyDraftFields.swift */ = {isa = PBXFileReference; lastKnownFileType = sourcecode.swift; path = PublishingPrivacyDraftFields.swift; sourceTree = "<group>"; };
		25055FBACD7B5FDD275AF0E0 /* StoreKitSubscriptionDiscoveryService.swift */ = {isa = PBXFileReference; lastKnownFileType = sourcecode.swift; path = StoreKitSubscriptionDiscoveryService.swift; sourceTree = "<group>"; };
		2560EED79D4F38A53DDABAB1 /* SubscriptionPricingCardsView.swift */ = {isa = PBXFileReference; lastKnownFileType = sourcecode.swift; path = SubscriptionPricingCardsView.swift; sourceTree = "<group>"; };
		25700C1E26331F9B6C65EBC7 /* SettingsStore.swift */ = {isa = PBXFileReference; lastKnownFileType = sourcecode.swift; path = SettingsStore.swift; sourceTree = "<group>"; };
		272365064E9C495BDD9703B7 /* AppStoreConnectServiceSandboxTesters.swift */ = {isa = PBXFileReference; lastKnownFileType = sourcecode.swift; path = AppStoreConnectServiceSandboxTesters.swift; sourceTree = "<group>"; };
		2BD6608F16060C2A947AB416 /* AppStorePublishingService.swift */ = {isa = PBXFileReference; lastKnownFileType = sourcecode.swift; path = AppStorePublishingService.swift; sourceTree = "<group>"; };
		2C66A29E860D54DCC7B0EFDC /* DistributionCertificateProvisioningService.swift */ = {isa = PBXFileReference; lastKnownFileType = sourcecode.swift; path = DistributionCertificateProvisioningService.swift; sourceTree = "<group>"; };
		31AD0A6AFC6F8BB65286A32E /* SimulatorFilesStorage.swift */ = {isa = PBXFileReference; lastKnownFileType = sourcecode.swift; path = SimulatorFilesStorage.swift; sourceTree = "<group>"; };
		35E9A1A9B6FDB5D74804A1F1 /* PublishingExperienceTests.swift */ = {isa = PBXFileReference; lastKnownFileType = sourcecode.swift; path = PublishingExperienceTests.swift; sourceTree = "<group>"; };
		36F57AA657C7B65F2E18232D /* SimulatorRunSettings.swift */ = {isa = PBXFileReference; lastKnownFileType = sourcecode.swift; path = SimulatorRunSettings.swift; sourceTree = "<group>"; };
		38A1DE6179F2DBCC345DFED4 /* AppStoreConnectCredentialTests.swift */ = {isa = PBXFileReference; lastKnownFileType = sourcecode.swift; path = AppStoreConnectCredentialTests.swift; sourceTree = "<group>"; };
		3A7DCDDE189FC84C96037C81 /* SandboxTester.swift */ = {isa = PBXFileReference; lastKnownFileType = sourcecode.swift; path = SandboxTester.swift; sourceTree = "<group>"; };
		3AC4A69D26449CB125A811DD /* SimulatorBuildPreparationTests.swift */ = {isa = PBXFileReference; lastKnownFileType = sourcecode.swift; path = SimulatorBuildPreparationTests.swift; sourceTree = "<group>"; };
		3AEB1BCEB0B82ED6D7E33965 /* ProjectIconView.swift */ = {isa = PBXFileReference; lastKnownFileType = sourcecode.swift; path = ProjectIconView.swift; sourceTree = "<group>"; };
		3B719B011062FBC6451EE3D6 /* SigningProcessAndRecoveryTests.swift */ = {isa = PBXFileReference; lastKnownFileType = sourcecode.swift; path = SigningProcessAndRecoveryTests.swift; sourceTree = "<group>"; };
		3BBE583F20FCC937D9A94803 /* InstallationLogTests.swift */ = {isa = PBXFileReference; lastKnownFileType = sourcecode.swift; path = InstallationLogTests.swift; sourceTree = "<group>"; };
		41B846AE2D38B1B7E7AC1C25 /* OpenAIStoreMetadataService.swift */ = {isa = PBXFileReference; lastKnownFileType = sourcecode.swift; path = OpenAIStoreMetadataService.swift; sourceTree = "<group>"; };
		42050875C39C6F8D066FD010 /* AppStoreDistributionSigningTests.swift */ = {isa = PBXFileReference; lastKnownFileType = sourcecode.swift; path = AppStoreDistributionSigningTests.swift; sourceTree = "<group>"; };
		439AE14DCCE24CDCB7F7CD21 /* InstallationLogWindow.swift */ = {isa = PBXFileReference; lastKnownFileType = sourcecode.swift; path = InstallationLogWindow.swift; sourceTree = "<group>"; };
		44DF4CF45B211135EADC58B6 /* DeviceService.swift */ = {isa = PBXFileReference; lastKnownFileType = sourcecode.swift; path = DeviceService.swift; sourceTree = "<group>"; };
		456F7738EAE617528B0F3D42 /* ProjectVersionServiceTests.swift */ = {isa = PBXFileReference; lastKnownFileType = sourcecode.swift; path = ProjectVersionServiceTests.swift; sourceTree = "<group>"; };
		46CA950089CCC0AD6A4134BC /* DeveloperTeam.swift */ = {isa = PBXFileReference; lastKnownFileType = sourcecode.swift; path = DeveloperTeam.swift; sourceTree = "<group>"; };
		4B8D0D564881B1EC0B5C65E8 /* AppStoreConnectCredentialProfile.swift */ = {isa = PBXFileReference; lastKnownFileType = sourcecode.swift; path = AppStoreConnectCredentialProfile.swift; sourceTree = "<group>"; };
		51E3BA3AA027452830D54328 /* IssuedSigningCertificateProvenanceStore.swift */ = {isa = PBXFileReference; lastKnownFileType = sourcecode.swift; path = IssuedSigningCertificateProvenanceStore.swift; sourceTree = "<group>"; };
		52ACE1995ADC38C33666AD70 /* SimulatorSessionController.swift */ = {isa = PBXFileReference; lastKnownFileType = sourcecode.swift; path = SimulatorSessionController.swift; sourceTree = "<group>"; };
		530E58724DCC86E51ADA96DC /* DeviceInstallationSelectionTests.swift */ = {isa = PBXFileReference; lastKnownFileType = sourcecode.swift; path = DeviceInstallationSelectionTests.swift; sourceTree = "<group>"; };
		537B048C63747430E7107A8A /* AppStoreConnectService.swift */ = {isa = PBXFileReference; lastKnownFileType = sourcecode.swift; path = AppStoreConnectService.swift; sourceTree = "<group>"; };
		53B159452A3962357814C8C2 /* PerProjectWindowRegistry.swift */ = {isa = PBXFileReference; lastKnownFileType = sourcecode.swift; path = PerProjectWindowRegistry.swift; sourceTree = "<group>"; };
		5E1276ED68C930278EA259F3 /* PublishingSubscriptionForm.swift */ = {isa = PBXFileReference; lastKnownFileType = sourcecode.swift; path = PublishingSubscriptionForm.swift; sourceTree = "<group>"; };
		67D1D69275F7090166986CDC /* AppState.swift */ = {isa = PBXFileReference; lastKnownFileType = sourcecode.swift; path = AppState.swift; sourceTree = "<group>"; };
		6A0994C5CD237B832074C055 /* DirectXcodeInstallationTests.swift */ = {isa = PBXFileReference; lastKnownFileType = sourcecode.swift; path = DirectXcodeInstallationTests.swift; sourceTree = "<group>"; };
		7284611B9BD92101C774373C /* AppStoreTerritoryPicker.swift */ = {isa = PBXFileReference; lastKnownFileType = sourcecode.swift; path = AppStoreTerritoryPicker.swift; sourceTree = "<group>"; };
		77A2784C79744CD66BFA25A1 /* LaunchAtLoginService.swift */ = {isa = PBXFileReference; lastKnownFileType = sourcecode.swift; path = LaunchAtLoginService.swift; sourceTree = "<group>"; };
		7CA05D3B928C1D38506053D4 /* InstallationRecordTests.swift */ = {isa = PBXFileReference; lastKnownFileType = sourcecode.swift; path = InstallationRecordTests.swift; sourceTree = "<group>"; };
		7EB3B7AB29B4412F47C54292 /* SchedulingPolicyTests.swift */ = {isa = PBXFileReference; lastKnownFileType = sourcecode.swift; path = SchedulingPolicyTests.swift; sourceTree = "<group>"; };
		7ECE78A5E7910A50DA9C2476 /* DeviceListDecodingTests.swift */ = {isa = PBXFileReference; lastKnownFileType = sourcecode.swift; path = DeviceListDecodingTests.swift; sourceTree = "<group>"; };
		7FA9DEC991B43F6B915C1712 /* AppStorePublishingTests.swift */ = {isa = PBXFileReference; lastKnownFileType = sourcecode.swift; path = AppStorePublishingTests.swift; sourceTree = "<group>"; };
		8199DDF8810B81A5AB227609 /* DevManagementTests.xctest */ = {isa = PBXFileReference; explicitFileType = wrapper.cfbundle; includeInIndex = 0; path = DevManagementTests.xctest; sourceTree = BUILT_PRODUCTS_DIR; };
		82D324D2082CA24FCDC4D541 /* SimulatorRunWindow.swift */ = {isa = PBXFileReference; lastKnownFileType = sourcecode.swift; path = SimulatorRunWindow.swift; sourceTree = "<group>"; };
		8648AB030DDA915B7137674A /* InstallationService.swift */ = {isa = PBXFileReference; lastKnownFileType = sourcecode.swift; path = InstallationService.swift; sourceTree = "<group>"; };
		86BBDE915B650D7851ACEB46 /* InstallationNotificationTextTests.swift */ = {isa = PBXFileReference; lastKnownFileType = sourcecode.swift; path = InstallationNotificationTextTests.swift; sourceTree = "<group>"; };
		8731D5EE09A9918B33614939 /* ProjectGitServiceTests.swift */ = {isa = PBXFileReference; lastKnownFileType = sourcecode.swift; path = ProjectGitServiceTests.swift; sourceTree = "<group>"; };
		883000032D46600DD5CCFF08 /* String+NonEmpty.swift */ = {isa = PBXFileReference; lastKnownFileType = sourcecode.swift; path = "String+NonEmpty.swift"; sourceTree = "<group>"; };
		8A466250B1213AF0E709F70B /* XcodeSchemeBuildPreparationTests.swift */ = {isa = PBXFileReference; lastKnownFileType = sourcecode.swift; path = XcodeSchemeBuildPreparationTests.swift; sourceTree = "<group>"; };
		8BE596EF36D4CA2839361964 /* DevManagement.app */ = {isa = PBXFileReference; explicitFileType = wrapper.application; includeInIndex = 0; path = DevManagement.app; sourceTree = BUILT_PRODUCTS_DIR; };
		8CC44A4ABC103EA079DB6BB4 /* ProjectGitService.swift */ = {isa = PBXFileReference; lastKnownFileType = sourcecode.swift; path = ProjectGitService.swift; sourceTree = "<group>"; };
		8F4D16DBF90639806C2952C8 /* AppStorePrivacyPublishingService.swift */ = {isa = PBXFileReference; lastKnownFileType = sourcecode.swift; path = AppStorePrivacyPublishingService.swift; sourceTree = "<group>"; };
		913C295EE121D11D54FE3D0D /* ProjectIconService.swift */ = {isa = PBXFileReference; lastKnownFileType = sourcecode.swift; path = ProjectIconService.swift; sourceTree = "<group>"; };
		92BA78CBDD2A9BB9E2A7417E /* SettingsView.swift */ = {isa = PBXFileReference; lastKnownFileType = sourcecode.swift; path = SettingsView.swift; sourceTree = "<group>"; };
		960A2EC9E613818529E77D09 /* PublishingSettingsView.swift */ = {isa = PBXFileReference; lastKnownFileType = sourcecode.swift; path = PublishingSettingsView.swift; sourceTree = "<group>"; };
		96AEDF2A49AA7430D17121C6 /* AppStoreProvisioningProfileService.swift */ = {isa = PBXFileReference; lastKnownFileType = sourcecode.swift; path = AppStoreProvisioningProfileService.swift; sourceTree = "<group>"; };
		99980DEA6AE5F8012A72002A /* AppStoreConnectReviewSubmissionService.swift */ = {isa = PBXFileReference; lastKnownFileType = sourcecode.swift; path = AppStoreConnectReviewSubmissionService.swift; sourceTree = "<group>"; };
		9A274BABF591ED945D7895E6 /* ProjectDiscoveryService.swift */ = {isa = PBXFileReference; lastKnownFileType = sourcecode.swift; path = ProjectDiscoveryService.swift; sourceTree = "<group>"; };
		9E6B368943210F206DF5C9E6 /* PublishingReadinessView.swift */ = {isa = PBXFileReference; lastKnownFileType = sourcecode.swift; path = PublishingReadinessView.swift; sourceTree = "<group>"; };
		A1907348C889C1CB74F76247 /* Publishing.swift */ = {isa = PBXFileReference; lastKnownFileType = sourcecode.swift; path = Publishing.swift; sourceTree = "<group>"; };
		A22ABD6C88F410A71DC9F716 /* Localization.swift */ = {isa = PBXFileReference; lastKnownFileType = sourcecode.swift; path = Localization.swift; sourceTree = "<group>"; };
		A437F70A24F278201E172E4B /* AppStoreReleaseNotesEvidenceService.swift */ = {isa = PBXFileReference; lastKnownFileType = sourcecode.swift; path = AppStoreReleaseNotesEvidenceService.swift; sourceTree = "<group>"; };
		A59E1559E63A3643555DC751 /* ProjectIconServiceTests.swift */ = {isa = PBXFileReference; lastKnownFileType = sourcecode.swift; path = ProjectIconServiceTests.swift; sourceTree = "<group>"; };
		AA50B22EEA4F44C04C57D311 /* AppStoreReviewAssetServiceTests.swift */ = {isa = PBXFileReference; lastKnownFileType = sourcecode.swift; path = AppStoreReviewAssetServiceTests.swift; sourceTree = "<group>"; };
		AC02EA04969F48B7CB14ED49 /* PublishingWindow.swift */ = {isa = PBXFileReference; lastKnownFileType = sourcecode.swift; path = PublishingWindow.swift; sourceTree = "<group>"; };
		AE87686D35938948D1C9F302 /* SimulatorDeviceParsingTests.swift */ = {isa = PBXFileReference; lastKnownFileType = sourcecode.swift; path = SimulatorDeviceParsingTests.swift; sourceTree = "<group>"; };
		B3FB8168F49AC5165CA13526 /* XcodeSchemeBuildPreparationService.swift */ = {isa = PBXFileReference; lastKnownFileType = sourcecode.swift; path = XcodeSchemeBuildPreparationService.swift; sourceTree = "<group>"; };
		B4BD224F76E01A19DEBB6020 /* MenuBarView.swift */ = {isa = PBXFileReference; lastKnownFileType = sourcecode.swift; path = MenuBarView.swift; sourceTree = "<group>"; };
		B9D31026AFB1960E78BA7E7B /* UserNotifications.framework */ = {isa = PBXFileReference; lastKnownFileType = wrapper.framework; name = UserNotifications.framework; path = System/Library/Frameworks/UserNotifications.framework; sourceTree = SDKROOT; };
		BFEE7B1D2C50ED2BB83B31D1 /* AppStoreCopyrightNormalizer.swift */ = {isa = PBXFileReference; lastKnownFileType = sourcecode.swift; path = AppStoreCopyrightNormalizer.swift; sourceTree = "<group>"; };
		C00D521CCAB99741C5A2A693 /* NotificationService.swift */ = {isa = PBXFileReference; lastKnownFileType = sourcecode.swift; path = NotificationService.swift; sourceTree = "<group>"; };
		C19A08F5E6B9B95BCCBB61FB /* Assets.xcassets */ = {isa = PBXFileReference; lastKnownFileType = folder.assetcatalog; path = Assets.xcassets; sourceTree = "<group>"; };
		C5F0C23D0229DDD555E4235A /* Security.framework */ = {isa = PBXFileReference; lastKnownFileType = wrapper.framework; name = Security.framework; path = System/Library/Frameworks/Security.framework; sourceTree = SDKROOT; };
		C6711067C4811DF28AA1C8EC /* SimulatorFilesStorageTests.swift */ = {isa = PBXFileReference; lastKnownFileType = sourcecode.swift; path = SimulatorFilesStorageTests.swift; sourceTree = "<group>"; };
		C70F5F43D187C2F2650E2E67 /* SchedulingPolicy.swift */ = {isa = PBXFileReference; lastKnownFileType = sourcecode.swift; path = SchedulingPolicy.swift; sourceTree = "<group>"; };
		CC031DD8C8850B95D5E78916 /* XcodeGenProjectPreparationService.swift */ = {isa = PBXFileReference; lastKnownFileType = sourcecode.swift; path = XcodeGenProjectPreparationService.swift; sourceTree = "<group>"; };
		CCC55BBF92D1B08B76423F98 /* ActivityView.swift */ = {isa = PBXFileReference; lastKnownFileType = sourcecode.swift; path = ActivityView.swift; sourceTree = "<group>"; };
		D085DB26020DCCCA468F3EA7 /* MacOSInstallationTests.swift */ = {isa = PBXFileReference; lastKnownFileType = sourcecode.swift; path = MacOSInstallationTests.swift; sourceTree = "<group>"; };
		D098A21064D2822733DC96B9 /* SourceChangeWatcher.swift */ = {isa = PBXFileReference; lastKnownFileType = sourcecode.swift; path = SourceChangeWatcher.swift; sourceTree = "<group>"; };
		D0ACE515316EFEF59D186D43 /* RedeemCodesWindow.swift */ = {isa = PBXFileReference; lastKnownFileType = sourcecode.swift; path = RedeemCodesWindow.swift; sourceTree = "<group>"; };
		D190FC0A3C788DB8CD0DA91D /* AppModel.swift */ = {isa = PBXFileReference; lastKnownFileType = sourcecode.swift; path = AppModel.swift; sourceTree = "<group>"; };
		D444947DEF3918348A11669E /* SimulatorDevice.swift */ = {isa = PBXFileReference; lastKnownFileType = sourcecode.swift; path = SimulatorDevice.swift; sourceTree = "<group>"; };
		D4E551EDA5AB8441BCD618FA /* ProjectsSettingsView.swift */ = {isa = PBXFileReference; lastKnownFileType = sourcecode.swift; path = ProjectsSettingsView.swift; sourceTree = "<group>"; };
		D594DD13523F79CF71BEA250 /* SimulatorService.swift */ = {isa = PBXFileReference; lastKnownFileType = sourcecode.swift; path = SimulatorService.swift; sourceTree = "<group>"; };
		DB755CA878595D122931F826 /* IOKit.framework */ = {isa = PBXFileReference; lastKnownFileType = wrapper.framework; name = IOKit.framework; path = System/Library/Frameworks/IOKit.framework; sourceTree = SDKROOT; };
		DC0A8058098CBFFE6FA56596 /* PendingSigningCertificateStore.swift */ = {isa = PBXFileReference; lastKnownFileType = sourcecode.swift; path = PendingSigningCertificateStore.swift; sourceTree = "<group>"; };
		DCD6E21709AD57FE2516C5A5 /* SigningKeychainService.swift */ = {isa = PBXFileReference; lastKnownFileType = sourcecode.swift; path = SigningKeychainService.swift; sourceTree = "<group>"; };
		E4C41CCD4A0006E175E4B9C2 /* PublishingAgeRatingFields.swift */ = {isa = PBXFileReference; lastKnownFileType = sourcecode.swift; path = PublishingAgeRatingFields.swift; sourceTree = "<group>"; };
		E6526534493A80657384E6ED /* AppStorePublicationURLValidator.swift */ = {isa = PBXFileReference; lastKnownFileType = sourcecode.swift; path = AppStorePublicationURLValidator.swift; sourceTree = "<group>"; };
		E8217125EF1A7EDC42D724E6 /* KeychainCredentialStore.swift */ = {isa = PBXFileReference; lastKnownFileType = sourcecode.swift; path = KeychainCredentialStore.swift; sourceTree = "<group>"; };
		EA1F534FD2993AC883A1EA56 /* AppStoreConnectReviewSubmissionTests.swift */ = {isa = PBXFileReference; lastKnownFileType = sourcecode.swift; path = AppStoreConnectReviewSubmissionTests.swift; sourceTree = "<group>"; };
		EE36EEE9705302CF6B6190C7 /* DevManagementApp.swift */ = {isa = PBXFileReference; lastKnownFileType = sourcecode.swift; path = DevManagementApp.swift; sourceTree = "<group>"; };
		EEB7006C83FBE963AE4FD977 /* PublishingExperience.swift */ = {isa = PBXFileReference; lastKnownFileType = sourcecode.swift; path = PublishingExperience.swift; sourceTree = "<group>"; };
		F0958EDE18F62F4A209B64D6 /* ConnectedDevice.swift */ = {isa = PBXFileReference; lastKnownFileType = sourcecode.swift; path = ConnectedDevice.swift; sourceTree = "<group>"; };
		F20FE1B7E5F176778282E80E /* DeveloperTeamService.swift */ = {isa = PBXFileReference; lastKnownFileType = sourcecode.swift; path = DeveloperTeamService.swift; sourceTree = "<group>"; };
		F58FBC7AF5A7D51D823487C5 /* ProjectLocalizationDiscoveryService.swift */ = {isa = PBXFileReference; lastKnownFileType = sourcecode.swift; path = ProjectLocalizationDiscoveryService.swift; sourceTree = "<group>"; };
		F664ECE9636F677E8254178A /* ManagedProject.swift */ = {isa = PBXFileReference; lastKnownFileType = sourcecode.swift; path = ManagedProject.swift; sourceTree = "<group>"; };
		FA3FC6FDE58B7AB3648A78A5 /* AppStoreReviewAssetService.swift */ = {isa = PBXFileReference; lastKnownFileType = sourcecode.swift; path = AppStoreReviewAssetService.swift; sourceTree = "<group>"; };
		FE8C60A886C1D3AD3A509D7B /* SourceFingerprintCalculator.swift */ = {isa = PBXFileReference; lastKnownFileType = sourcecode.swift; path = SourceFingerprintCalculator.swift; sourceTree = "<group>"; };
/* End PBXFileReference section */

/* Begin PBXFrameworksBuildPhase section */
		253E053D37C4B435F9937352 /* Frameworks */ = {
			isa = PBXFrameworksBuildPhase;
			buildActionMask = 2147483647;
			files = (
				3A03B76E9DB0978F003F953F /* IOKit.framework in Frameworks */,
				82CA418AAA148D04A5BD9561 /* Security.framework in Frameworks */,
				186176281EFB29233526C564 /* UserNotifications.framework in Frameworks */,
			);
			runOnlyForDeploymentPostprocessing = 0;
		};
/* End PBXFrameworksBuildPhase section */

/* Begin PBXGroup section */
		04E8A2B6992E42828AB32285 /* Services */ = {
			isa = PBXGroup;
			children = (
				99980DEA6AE5F8012A72002A /* AppStoreConnectReviewSubmissionService.swift */,
				537B048C63747430E7107A8A /* AppStoreConnectService.swift */,
				272365064E9C495BDD9703B7 /* AppStoreConnectServiceSandboxTesters.swift */,
				BFEE7B1D2C50ED2BB83B31D1 /* AppStoreCopyrightNormalizer.swift */,
				8F4D16DBF90639806C2952C8 /* AppStorePrivacyPublishingService.swift */,
				96AEDF2A49AA7430D17121C6 /* AppStoreProvisioningProfileService.swift */,
				E6526534493A80657384E6ED /* AppStorePublicationURLValidator.swift */,
				2BD6608F16060C2A947AB416 /* AppStorePublishingService.swift */,
				A437F70A24F278201E172E4B /* AppStoreReleaseNotesEvidenceService.swift */,
				FA3FC6FDE58B7AB3648A78A5 /* AppStoreReviewAssetService.swift */,
				F20FE1B7E5F176778282E80E /* DeveloperTeamService.swift */,
				44DF4CF45B211135EADC58B6 /* DeviceService.swift */,
				2C66A29E860D54DCC7B0EFDC /* DistributionCertificateProvisioningService.swift */,
				8648AB030DDA915B7137674A /* InstallationService.swift */,
				51E3BA3AA027452830D54328 /* IssuedSigningCertificateProvenanceStore.swift */,
				E8217125EF1A7EDC42D724E6 /* KeychainCredentialStore.swift */,
				77A2784C79744CD66BFA25A1 /* LaunchAtLoginService.swift */,
				C00D521CCAB99741C5A2A693 /* NotificationService.swift */,
				41B846AE2D38B1B7E7AC1C25 /* OpenAIStoreMetadataService.swift */,
				DC0A8058098CBFFE6FA56596 /* PendingSigningCertificateStore.swift */,
				1CB256DC4A73BE90711652A1 /* ProcessRunner.swift */,
				9A274BABF591ED945D7895E6 /* ProjectDiscoveryService.swift */,
				8CC44A4ABC103EA079DB6BB4 /* ProjectGitService.swift */,
				913C295EE121D11D54FE3D0D /* ProjectIconService.swift */,
				F58FBC7AF5A7D51D823487C5 /* ProjectLocalizationDiscoveryService.swift */,
				16304D3C5216A6E329FC687D /* ProjectVersionService.swift */,
				25700C1E26331F9B6C65EBC7 /* SettingsStore.swift */,
				DCD6E21709AD57FE2516C5A5 /* SigningKeychainService.swift */,
				31AD0A6AFC6F8BB65286A32E /* SimulatorFilesStorage.swift */,
				D594DD13523F79CF71BEA250 /* SimulatorService.swift */,
				52ACE1995ADC38C33666AD70 /* SimulatorSessionController.swift */,
				D098A21064D2822733DC96B9 /* SourceChangeWatcher.swift */,
				FE8C60A886C1D3AD3A509D7B /* SourceFingerprintCalculator.swift */,
				25055FBACD7B5FDD275AF0E0 /* StoreKitSubscriptionDiscoveryService.swift */,
				1EE52232D5DB1CF4FF3954EE /* USBConnectionMonitor.swift */,
				CC031DD8C8850B95D5E78916 /* XcodeGenProjectPreparationService.swift */,
				B3FB8168F49AC5165CA13526 /* XcodeSchemeBuildPreparationService.swift */,
			);
			path = Services;
			sourceTree = "<group>";
		};
		300ADACE7901563DB9762BC1 /* Frameworks */ = {
			isa = PBXGroup;
			children = (
				DB755CA878595D122931F826 /* IOKit.framework */,
				C5F0C23D0229DDD555E4235A /* Security.framework */,
				B9D31026AFB1960E78BA7E7B /* UserNotifications.framework */,
			);
			name = Frameworks;
			sourceTree = "<group>";
		};
		3E8EA376B386581B8C34CCB9 = {
			isa = PBXGroup;
			children = (
				D5E33D5E2DB797DAD5F1FF3D /* Resources */,
				4D0826F26C02686CB2F4EA43 /* Sources */,
				DA2A47EEE72D65C4533BE53C /* Tests */,
				300ADACE7901563DB9762BC1 /* Frameworks */,
				949B3EBBAC8312E86FAFDF96 /* Products */,
			);
			sourceTree = "<group>";
		};
		4D0826F26C02686CB2F4EA43 /* Sources */ = {
			isa = PBXGroup;
			children = (
				E131CC76C0D8C122724C01B8 /* App */,
				B3433E6A5712FAEA10966860 /* Extensions */,
				BF54C64218C6B4FFC67FF5EA /* Models */,
				04E8A2B6992E42828AB32285 /* Services */,
				626BCAFD9480C06B6D540679 /* Views */,
			);
			path = Sources;
			sourceTree = "<group>";
		};
		626BCAFD9480C06B6D540679 /* Views */ = {
			isa = PBXGroup;
			children = (
				CCC55BBF92D1B08B76423F98 /* ActivityView.swift */,
				7284611B9BD92101C774373C /* AppStoreTerritoryPicker.swift */,
				439AE14DCCE24CDCB7F7CD21 /* InstallationLogWindow.swift */,
				B4BD224F76E01A19DEBB6020 /* MenuBarView.swift */,
				53B159452A3962357814C8C2 /* PerProjectWindowRegistry.swift */,
				3AEB1BCEB0B82ED6D7E33965 /* ProjectIconView.swift */,
				D4E551EDA5AB8441BCD618FA /* ProjectsSettingsView.swift */,
				E4C41CCD4A0006E175E4B9C2 /* PublishingAgeRatingFields.swift */,
				247CEE9CD0CC978A72B0A2E6 /* PublishingPrivacyDraftFields.swift */,
				1B7096F249D3F3EBC32EEAF2 /* PublishingProgressView.swift */,
				9E6B368943210F206DF5C9E6 /* PublishingReadinessView.swift */,
				960A2EC9E613818529E77D09 /* PublishingSettingsView.swift */,
				5E1276ED68C930278EA259F3 /* PublishingSubscriptionForm.swift */,
				AC02EA04969F48B7CB14ED49 /* PublishingWindow.swift */,
				1E424D0BD8342267B04D406E /* RedeemCodeOfferDetailView.swift */,
				D0ACE515316EFEF59D186D43 /* RedeemCodesWindow.swift */,
				00FDAF924E34B887A424033F /* SandboxTestersSettingsView.swift */,
				92BA78CBDD2A9BB9E2A7417E /* SettingsView.swift */,
				82D324D2082CA24FCDC4D541 /* SimulatorRunWindow.swift */,
				2560EED79D4F38A53DDABAB1 /* SubscriptionPricingCardsView.swift */,
			);
			path = Views;
			sourceTree = "<group>";
		};
		949B3EBBAC8312E86FAFDF96 /* Products */ = {
			isa = PBXGroup;
			children = (
				8BE596EF36D4CA2839361964 /* DevManagement.app */,
				8199DDF8810B81A5AB227609 /* DevManagementTests.xctest */,
			);
			name = Products;
			sourceTree = "<group>";
		};
		B3433E6A5712FAEA10966860 /* Extensions */ = {
			isa = PBXGroup;
			children = (
				883000032D46600DD5CCFF08 /* String+NonEmpty.swift */,
			);
			path = Extensions;
			sourceTree = "<group>";
		};
		BF54C64218C6B4FFC67FF5EA /* Models */ = {
			isa = PBXGroup;
			children = (
				67D1D69275F7090166986CDC /* AppState.swift */,
				4B8D0D564881B1EC0B5C65E8 /* AppStoreConnectCredentialProfile.swift */,
				F0958EDE18F62F4A209B64D6 /* ConnectedDevice.swift */,
				46CA950089CCC0AD6A4134BC /* DeveloperTeam.swift */,
				F664ECE9636F677E8254178A /* ManagedProject.swift */,
				A1907348C889C1CB74F76247 /* Publishing.swift */,
				EEB7006C83FBE963AE4FD977 /* PublishingExperience.swift */,
				3A7DCDDE189FC84C96037C81 /* SandboxTester.swift */,
				C70F5F43D187C2F2650E2E67 /* SchedulingPolicy.swift */,
				D444947DEF3918348A11669E /* SimulatorDevice.swift */,
				36F57AA657C7B65F2E18232D /* SimulatorRunSettings.swift */,
			);
			path = Models;
			sourceTree = "<group>";
		};
		D5E33D5E2DB797DAD5F1FF3D /* Resources */ = {
			isa = PBXGroup;
			children = (
				C19A08F5E6B9B95BCCBB61FB /* Assets.xcassets */,
				D17B264A0F29A8D7C101F2E1 /* Localizable.strings */,
			);
			path = Resources;
			sourceTree = "<group>";
		};
		DA2A47EEE72D65C4533BE53C /* Tests */ = {
			isa = PBXGroup;
			children = (
				00DA70D9C57D60634A83F11A /* AppStoreArchiveMetadataTests.swift */,
				38A1DE6179F2DBCC345DFED4 /* AppStoreConnectCredentialTests.swift */,
				EA1F534FD2993AC883A1EA56 /* AppStoreConnectReviewSubmissionTests.swift */,
				0CB882F938CF4D541C2DF343 /* AppStoreConnectSigningRequestTests.swift */,
				42050875C39C6F8D066FD010 /* AppStoreDistributionSigningTests.swift */,
				7FA9DEC991B43F6B915C1712 /* AppStorePublishingTests.swift */,
				AA50B22EEA4F44C04C57D311 /* AppStoreReviewAssetServiceTests.swift */,
				530E58724DCC86E51ADA96DC /* DeviceInstallationSelectionTests.swift */,
				7ECE78A5E7910A50DA9C2476 /* DeviceListDecodingTests.swift */,
				6A0994C5CD237B832074C055 /* DirectXcodeInstallationTests.swift */,
				3BBE583F20FCC937D9A94803 /* InstallationLogTests.swift */,
				86BBDE915B650D7851ACEB46 /* InstallationNotificationTextTests.swift */,
				7CA05D3B928C1D38506053D4 /* InstallationRecordTests.swift */,
				D085DB26020DCCCA468F3EA7 /* MacOSInstallationTests.swift */,
				216D98980B9264F7BC5DC75E /* MenuBarLayoutPolicyTests.swift */,
				8731D5EE09A9918B33614939 /* ProjectGitServiceTests.swift */,
				A59E1559E63A3643555DC751 /* ProjectIconServiceTests.swift */,
				456F7738EAE617528B0F3D42 /* ProjectVersionServiceTests.swift */,
				35E9A1A9B6FDB5D74804A1F1 /* PublishingExperienceTests.swift */,
				0E6EB9AF1E8FA9C94AAA2117 /* SandboxTesterServiceTests.swift */,
				7EB3B7AB29B4412F47C54292 /* SchedulingPolicyTests.swift */,
				1D4973537ABDEFA5FA430285 /* SigningCertificateProvenanceTests.swift */,
				3B719B011062FBC6451EE3D6 /* SigningProcessAndRecoveryTests.swift */,
				3AC4A69D26449CB125A811DD /* SimulatorBuildPreparationTests.swift */,
				AE87686D35938948D1C9F302 /* SimulatorDeviceParsingTests.swift */,
				C6711067C4811DF28AA1C8EC /* SimulatorFilesStorageTests.swift */,
				0118BB9B47E2C638D6BDA5C4 /* SimulatorRunSettingsTests.swift */,
				13FDDF9F48698084B25CFFA3 /* XcodeGenProjectPreparationTests.swift */,
				8A466250B1213AF0E709F70B /* XcodeSchemeBuildPreparationTests.swift */,
			);
			path = Tests;
			sourceTree = "<group>";
		};
		E131CC76C0D8C122724C01B8 /* App */ = {
			isa = PBXGroup;
			children = (
				D190FC0A3C788DB8CD0DA91D /* AppModel.swift */,
				EE36EEE9705302CF6B6190C7 /* DevManagementApp.swift */,
				A22ABD6C88F410A71DC9F716 /* Localization.swift */,
			);
			path = App;
			sourceTree = "<group>";
		};
/* End PBXGroup section */

/* Begin PBXNativeTarget section */
		1C9ABA666569EE5A31F5770D /* DevManagementTests */ = {
			isa = PBXNativeTarget;
			buildConfigurationList = EAD09DE4AE99669E7DA0F872 /* Build configuration list for PBXNativeTarget "DevManagementTests" */;
			buildPhases = (
				DAD72F973C59BC29958CB4F7 /* Sources */,
			);
			buildRules = (
			);
			dependencies = (
				79A702BDD43C5D9BFDFA5645 /* PBXTargetDependency */,
			);
			name = DevManagementTests;
			packageProductDependencies = (
			);
			productName = DevManagementTests;
			productReference = 8199DDF8810B81A5AB227609 /* DevManagementTests.xctest */;
			productType = "com.apple.product-type.bundle.unit-test";
		};
		A389D3247DCD751F33F8BA33 /* DevManagement */ = {
			isa = PBXNativeTarget;
			buildConfigurationList = B9FB282A95925E06666DCB90 /* Build configuration list for PBXNativeTarget "DevManagement" */;
			buildPhases = (
				355D185779927800EE3EE4CE /* Sources */,
				4992FC9F0DD5D3EB6CADA737 /* Resources */,
				253E053D37C4B435F9937352 /* Frameworks */,
			);
			buildRules = (
			);
			dependencies = (
			);
			name = DevManagement;
			packageProductDependencies = (
			);
			productName = DevManagement;
			productReference = 8BE596EF36D4CA2839361964 /* DevManagement.app */;
			productType = "com.apple.product-type.application";
		};
/* End PBXNativeTarget section */

/* Begin PBXProject section */
		0F400749F709DFACE617181E /* Project object */ = {
			isa = PBXProject;
			attributes = {
				BuildIndependentTargetsInParallel = YES;
				LastUpgradeCheck = 1430;
				TargetAttributes = {
					1C9ABA666569EE5A31F5770D = {
						DevelopmentTeam = 52HV33827A;
						ProvisioningStyle = Automatic;
					};
					A389D3247DCD751F33F8BA33 = {
						DevelopmentTeam = 52HV33827A;
						ProvisioningStyle = Automatic;
					};
				};
			};
			buildConfigurationList = C9CC8F50A24717A2A64086BB /* Build configuration list for PBXProject "DevManagement" */;
			developmentRegion = en;
			hasScannedForEncodings = 0;
			knownRegions = (
				Base,
				en,
				he,
			);
			mainGroup = 3E8EA376B386581B8C34CCB9;
			minimizedProjectReferenceProxies = 1;
			preferredProjectObjectVersion = 77;
			productRefGroup = 949B3EBBAC8312E86FAFDF96 /* Products */;
			projectDirPath = "";
			projectRoot = "";
			targets = (
				A389D3247DCD751F33F8BA33 /* DevManagement */,
				1C9ABA666569EE5A31F5770D /* DevManagementTests */,
			);
		};
/* End PBXProject section */

/* Begin PBXResourcesBuildPhase section */
		4992FC9F0DD5D3EB6CADA737 /* Resources */ = {
			isa = PBXResourcesBuildPhase;
			buildActionMask = 2147483647;
			files = (
				888253A11CA00C81D01AEDC3 /* Assets.xcassets in Resources */,
				1F60A97E4452BC3D63D176D6 /* Localizable.strings in Resources */,
			);
			runOnlyForDeploymentPostprocessing = 0;
		};
/* End PBXResourcesBuildPhase section */

/* Begin PBXSourcesBuildPhase section */
		355D185779927800EE3EE4CE /* Sources */ = {
			isa = PBXSourcesBuildPhase;
			buildActionMask = 2147483647;
			files = (
				FDA9CC031B2D6EA020FA048D /* ActivityView.swift in Sources */,
				1766C77D192322DDFE013B52 /* AppModel.swift in Sources */,
				26808D5C2DAEB3D8364A2B0D /* AppState.swift in Sources */,
				BED08FEC41A5C801D5F6FE2D /* AppStoreConnectCredentialProfile.swift in Sources */,
				6547D59C8CD027A8659A7944 /* AppStoreConnectReviewSubmissionService.swift in Sources */,
				F57E6396AC4BF95E55028684 /* AppStoreConnectService.swift in Sources */,
				C4C0FE74DE9AE6F29AC8A033 /* AppStoreConnectServiceSandboxTesters.swift in Sources */,
				FFA08E86D752D3D51B6D6764 /* AppStoreCopyrightNormalizer.swift in Sources */,
				82C6167D95C623BEE0B4729F /* AppStorePrivacyPublishingService.swift in Sources */,
				E45A0B55F89C5F5588C0A08F /* AppStoreProvisioningProfileService.swift in Sources */,
				E15606ACC729209E8CB88909 /* AppStorePublicationURLValidator.swift in Sources */,
				CEB5F920493A8DDB3DE1EE4A /* AppStorePublishingService.swift in Sources */,
				A320D33616A2FE0C503BE868 /* AppStoreReleaseNotesEvidenceService.swift in Sources */,
				F025A22ECE444EC89FCCC583 /* AppStoreReviewAssetService.swift in Sources */,
				E76224B0E67C03F1DF452264 /* AppStoreTerritoryPicker.swift in Sources */,
				D65D97E3585DFF4F4C1B1409 /* ConnectedDevice.swift in Sources */,
				656E89642D340B1481D4BB85 /* DevManagementApp.swift in Sources */,
				248E258EBC6366CDF5E26AAF /* DeveloperTeam.swift in Sources */,
				5FBF32C8DE8C0A0D70999AA2 /* DeveloperTeamService.swift in Sources */,
				E3271F358EC00D51C07016C9 /* DeviceService.swift in Sources */,
				AB83EAE7DF4B7FC08B5E3BF9 /* DistributionCertificateProvisioningService.swift in Sources */,
				9D7F580C89BD70EA6C0EBB86 /* InstallationLogWindow.swift in Sources */,
				C0820A8CA20DBBA4BE058884 /* InstallationService.swift in Sources */,
				FE7665307AB7E4513730F0E9 /* IssuedSigningCertificateProvenanceStore.swift in Sources */,
				027C50AFA8B0805A1D272090 /* KeychainCredentialStore.swift in Sources */,
				FE4EB9CD154BAECAC02E2B72 /* LaunchAtLoginService.swift in Sources */,
				642ACDD0B44BC448AD2549B4 /* Localization.swift in Sources */,
				E5AFBE6FA508880021A7ED90 /* ManagedProject.swift in Sources */,
				B1EBEC96A382A7896C968CD4 /* MenuBarView.swift in Sources */,
				E60017FD44CBE13D9985D03E /* NotificationService.swift in Sources */,
				A8D413789388A0BF23682C35 /* OpenAIStoreMetadataService.swift in Sources */,
				4A814A652BD78B42A602368D /* PendingSigningCertificateStore.swift in Sources */,
				39014D8E2DF2D3F0435101AA /* PerProjectWindowRegistry.swift in Sources */,
				28BA34EC2DE3AC31188C4DCD /* ProcessRunner.swift in Sources */,
				83CFCF32E6A27D8E46FD0830 /* ProjectDiscoveryService.swift in Sources */,
				65A8CD753557F0B9B571B41C /* ProjectGitService.swift in Sources */,
				80A1AAFB6139F7B3A8F903B3 /* ProjectIconService.swift in Sources */,
				286867ABE436B1581E60801B /* ProjectIconView.swift in Sources */,
				8E203327032B650A64BF8924 /* ProjectLocalizationDiscoveryService.swift in Sources */,
				333B2C5902BEB7FA416E5E91 /* ProjectVersionService.swift in Sources */,
				9B40DB677026BBB23FF93EC8 /* ProjectsSettingsView.swift in Sources */,
				0690A247F796B6DE1221DC4C /* Publishing.swift in Sources */,
				F0519AD063EEE31191289B4A /* PublishingAgeRatingFields.swift in Sources */,
				10B73E068A2930D8B63CD51A /* PublishingExperience.swift in Sources */,
				8B000FE50BDAD47E586FDC95 /* PublishingPrivacyDraftFields.swift in Sources */,
				C11CA83D503599C3076DB02C /* PublishingProgressView.swift in Sources */,
				95B6832D1AD4A1A98A759720 /* PublishingReadinessView.swift in Sources */,
				6A959F01BA7F8BE032126ECB /* PublishingSettingsView.swift in Sources */,
				06EE2A5F979E5548AE7D75C3 /* PublishingSubscriptionForm.swift in Sources */,
				B24A7569EE19C148FEE36102 /* PublishingWindow.swift in Sources */,
				E98763019E23E2629026467F /* RedeemCodeOfferDetailView.swift in Sources */,
				DB97A95115436415096EE602 /* RedeemCodesWindow.swift in Sources */,
				007970589EFEE05337282229 /* SandboxTester.swift in Sources */,
				08CCF7D7EAE702FDD8EBDA3B /* SandboxTestersSettingsView.swift in Sources */,
				202D345134232293697DEBBE /* SchedulingPolicy.swift in Sources */,
				68CCE54A459F4078E5406101 /* SettingsStore.swift in Sources */,
				614EB1AC385AB547B28CACE4 /* SettingsView.swift in Sources */,
				81B9F0DC957238241C260185 /* SigningKeychainService.swift in Sources */,
				E8D1E911D606170948BF2829 /* SimulatorDevice.swift in Sources */,
				422B8C64B8CDDF89EC20DC98 /* SimulatorFilesStorage.swift in Sources */,
				7A78624D63DDE0AE53B3E9DA /* SimulatorRunSettings.swift in Sources */,
				5D41A6E71F1C826F59EA122E /* SimulatorRunWindow.swift in Sources */,
				A57E2BAE706C2E5A1F39FB84 /* SimulatorService.swift in Sources */,
				A4CC946BE9C78258DA04C3B8 /* SimulatorSessionController.swift in Sources */,
				F7F5FE2541978E7026204779 /* SourceChangeWatcher.swift in Sources */,
				9924FBE749A4A931B01BFC19 /* SourceFingerprintCalculator.swift in Sources */,
				4C0613B0ABF394EB4A0C8B3D /* StoreKitSubscriptionDiscoveryService.swift in Sources */,
				2A1BA4E8DAD016908AD34443 /* String+NonEmpty.swift in Sources */,
				B83A4EAA414165468AF70F69 /* SubscriptionPricingCardsView.swift in Sources */,
				586865366583D21C8E8EF961 /* USBConnectionMonitor.swift in Sources */,
				72A1881F1249603B754F89AB /* XcodeGenProjectPreparationService.swift in Sources */,
				89D3B46308B7974D1158B4EE /* XcodeSchemeBuildPreparationService.swift in Sources */,
			);
			runOnlyForDeploymentPostprocessing = 0;
		};
		DAD72F973C59BC29958CB4F7 /* Sources */ = {
			isa = PBXSourcesBuildPhase;
			buildActionMask = 2147483647;
			files = (
				72023698FDFDB4D51D90D1FF /* AppStoreArchiveMetadataTests.swift in Sources */,
				CEF783C3241582FDA83E2E5A /* AppStoreConnectCredentialTests.swift in Sources */,
				B053F9EB45F1331720625669 /* AppStoreConnectReviewSubmissionTests.swift in Sources */,
				4F11A5CF8829E494E7FAE4A8 /* AppStoreConnectSigningRequestTests.swift in Sources */,
				D52961329C5206214FDA8DA3 /* AppStoreDistributionSigningTests.swift in Sources */,
				4349D459F2E4B2C4F17EA0E1 /* AppStorePublishingTests.swift in Sources */,
				838F0881E4A418BDF08E4B07 /* AppStoreReviewAssetServiceTests.swift in Sources */,
				FBB51E7BF36D23DFFD6059CB /* DeviceInstallationSelectionTests.swift in Sources */,
				8199A49AA886A754DB713052 /* DeviceListDecodingTests.swift in Sources */,
				9A6ED0392C47FB0214A93417 /* DirectXcodeInstallationTests.swift in Sources */,
				22C28BAC53CFCD66B2E32B71 /* InstallationLogTests.swift in Sources */,
				E102DDBCE6CBE4913170B88D /* InstallationNotificationTextTests.swift in Sources */,
				FE79B7C7E59A6F6747FDC37A /* InstallationRecordTests.swift in Sources */,
				5ABA067966EE5ADBBB2DFBEC /* MacOSInstallationTests.swift in Sources */,
				C1B411498FE8C0479689032E /* MenuBarLayoutPolicyTests.swift in Sources */,
				0B203CBCCA4AED31D80D61C3 /* ProjectGitServiceTests.swift in Sources */,
				30BE0C471F8EE7AA7B72A601 /* ProjectIconServiceTests.swift in Sources */,
				121804B98A7161635E126A7F /* ProjectVersionServiceTests.swift in Sources */,
				5A0A5C5DC670DB27092EEA59 /* PublishingExperienceTests.swift in Sources */,
				0EFCC40A31BDE64FC7DFCE67 /* SandboxTesterServiceTests.swift in Sources */,
				9632C4EDAFFF50F0AA2F4FEE /* SchedulingPolicyTests.swift in Sources */,
				41F4CC96660B8C903E97094D /* SigningCertificateProvenanceTests.swift in Sources */,
				424073DCC7F03EE62B815AA7 /* SigningProcessAndRecoveryTests.swift in Sources */,
				2EAD4588B3ED14D05EC419E0 /* SimulatorBuildPreparationTests.swift in Sources */,
				BA3B98E8D283CF5E678567D5 /* SimulatorDeviceParsingTests.swift in Sources */,
				EF0A0301F7123A4AA7B938EA /* SimulatorFilesStorageTests.swift in Sources */,
				298DA27A0C01CAF48959EDDC /* SimulatorRunSettingsTests.swift in Sources */,
				D62324A78C666F5EF8101F39 /* XcodeGenProjectPreparationTests.swift in Sources */,
				13D1BC1DE58C277C97276348 /* XcodeSchemeBuildPreparationTests.swift in Sources */,
			);
			runOnlyForDeploymentPostprocessing = 0;
		};
/* End PBXSourcesBuildPhase section */

/* Begin PBXTargetDependency section */
		79A702BDD43C5D9BFDFA5645 /* PBXTargetDependency */ = {
			isa = PBXTargetDependency;
			target = A389D3247DCD751F33F8BA33 /* DevManagement */;
			targetProxy = EEC0952C841F0D5C5D33D67A /* PBXContainerItemProxy */;
		};
/* End PBXTargetDependency section */

/* Begin PBXVariantGroup section */
		D17B264A0F29A8D7C101F2E1 /* Localizable.strings */ = {
			isa = PBXVariantGroup;
			children = (
				0A2312160D3CCF96B05FCD4C /* en */,
				01B153B0F3FC4FFB61D3C31C /* he */,
			);
			name = Localizable.strings;
			sourceTree = "<group>";
		};
/* End PBXVariantGroup section */

/* Begin XCBuildConfiguration section */
		1062E6E976802D6A984B771D /* Debug */ = {
			isa = XCBuildConfiguration;
			buildSettings = {
				ASSETCATALOG_COMPILER_APPICON_NAME = AppIcon;
				ASSETCATALOG_COMPILER_GENERATE_SWIFT_ASSET_SYMBOL_EXTENSIONS = NO;
				COMBINE_HIDPI_IMAGES = YES;
				ENABLE_APP_SANDBOX = NO;
				ENABLE_HARDENED_RUNTIME = YES;
				GENERATE_INFOPLIST_FILE = YES;
				INFOPLIST_KEY_CFBundleDisplayName = "Development Management";
				INFOPLIST_KEY_CFBundleShortVersionString = "$(MARKETING_VERSION)";
				INFOPLIST_KEY_CFBundleVersion = "$(CURRENT_PROJECT_VERSION)";
				INFOPLIST_KEY_LSApplicationCategoryType = "public.app-category.developer-tools";
				INFOPLIST_KEY_LSUIElement = YES;
				LD_RUNPATH_SEARCH_PATHS = (
					"$(inherited)",
					"@executable_path/../Frameworks",
				);
				PRODUCT_BUNDLE_IDENTIFIER = com.zivtal.DevManagement;
				PRODUCT_MODULE_NAME = DevManagement;
				PRODUCT_NAME = "Development Management";
				SDKROOT = macosx;
			};
			name = Debug;
		};
		37B50D5F888B574B45FA94AF /* Debug */ = {
			isa = XCBuildConfiguration;
			buildSettings = {
				BUNDLE_LOADER = "$(TEST_HOST)";
				COMBINE_HIDPI_IMAGES = YES;
				GENERATE_INFOPLIST_FILE = YES;
				LD_RUNPATH_SEARCH_PATHS = (
					"$(inherited)",
					"@executable_path/../Frameworks",
					"@loader_path/../Frameworks",
				);
				PRODUCT_BUNDLE_IDENTIFIER = com.zivtal.DevManagementTests;
				SDKROOT = macosx;
				TEST_HOST = "$(BUILT_PRODUCTS_DIR)/Development Management.app/Contents/MacOS/Development Management";
			};
			name = Debug;
		};
		4022D10026F34D413D9B2E25 /* Release */ = {
			isa = XCBuildConfiguration;
			buildSettings = {
				BUNDLE_LOADER = "$(TEST_HOST)";
				COMBINE_HIDPI_IMAGES = YES;
				GENERATE_INFOPLIST_FILE = YES;
				LD_RUNPATH_SEARCH_PATHS = (
					"$(inherited)",
					"@executable_path/../Frameworks",
					"@loader_path/../Frameworks",
				);
				PRODUCT_BUNDLE_IDENTIFIER = com.zivtal.DevManagementTests;
				SDKROOT = macosx;
				TEST_HOST = "$(BUILT_PRODUCTS_DIR)/Development Management.app/Contents/MacOS/Development Management";
			};
			name = Release;
		};
		5773710562CEDB9177B095C6 /* Debug */ = {
			isa = XCBuildConfiguration;
			buildSettings = {
				ALWAYS_SEARCH_USER_PATHS = NO;
				CLANG_ANALYZER_NONNULL = YES;
				CLANG_ANALYZER_NUMBER_OBJECT_CONVERSION = YES_AGGRESSIVE;
				CLANG_CXX_LANGUAGE_STANDARD = "gnu++14";
				CLANG_CXX_LIBRARY = "libc++";
				CLANG_ENABLE_MODULES = YES;
				CLANG_ENABLE_OBJC_ARC = YES;
				CLANG_ENABLE_OBJC_WEAK = YES;
				CLANG_WARN_BLOCK_CAPTURE_AUTORELEASING = YES;
				CLANG_WARN_BOOL_CONVERSION = YES;
				CLANG_WARN_COMMA = YES;
				CLANG_WARN_CONSTANT_CONVERSION = YES;
				CLANG_WARN_DEPRECATED_OBJC_IMPLEMENTATIONS = YES;
				CLANG_WARN_DIRECT_OBJC_ISA_USAGE = YES_ERROR;
				CLANG_WARN_DOCUMENTATION_COMMENTS = YES;
				CLANG_WARN_EMPTY_BODY = YES;
				CLANG_WARN_ENUM_CONVERSION = YES;
				CLANG_WARN_INFINITE_RECURSION = YES;
				CLANG_WARN_INT_CONVERSION = YES;
				CLANG_WARN_NON_LITERAL_NULL_CONVERSION = YES;
				CLANG_WARN_OBJC_IMPLICIT_RETAIN_SELF = YES;
				CLANG_WARN_OBJC_LITERAL_CONVERSION = YES;
				CLANG_WARN_OBJC_ROOT_CLASS = YES_ERROR;
				CLANG_WARN_QUOTED_INCLUDE_IN_FRAMEWORK_HEADER = YES;
				CLANG_WARN_RANGE_LOOP_ANALYSIS = YES;
				CLANG_WARN_STRICT_PROTOTYPES = YES;
				CLANG_WARN_SUSPICIOUS_MOVE = YES;
				CLANG_WARN_UNGUARDED_AVAILABILITY = YES_AGGRESSIVE;
				CLANG_WARN_UNREACHABLE_CODE = YES;
				CLANG_WARN__DUPLICATE_METHOD_MATCH = YES;
				CODE_SIGN_STYLE = Automatic;
				COPY_PHASE_STRIP = NO;
				CURRENT_PROJECT_VERSION = 120;
				DEBUG_INFORMATION_FORMAT = dwarf;
				DEVELOPMENT_TEAM = 52HV33827A;
				ENABLE_STRICT_OBJC_MSGSEND = YES;
				ENABLE_TESTABILITY = YES;
				GCC_C_LANGUAGE_STANDARD = gnu11;
				GCC_DYNAMIC_NO_PIC = NO;
				GCC_NO_COMMON_BLOCKS = YES;
				GCC_OPTIMIZATION_LEVEL = 0;
				GCC_PREPROCESSOR_DEFINITIONS = (
					"$(inherited)",
					"DEBUG=1",
				);
				GCC_WARN_64_TO_32_BIT_CONVERSION = YES;
				GCC_WARN_ABOUT_RETURN_TYPE = YES_ERROR;
				GCC_WARN_UNDECLARED_SELECTOR = YES;
				GCC_WARN_UNINITIALIZED_AUTOS = YES_AGGRESSIVE;
				GCC_WARN_UNUSED_FUNCTION = YES;
				GCC_WARN_UNUSED_VARIABLE = YES;
				MACOSX_DEPLOYMENT_TARGET = 14.0;
				MARKETING_VERSION = 2.1.9;
				MTL_ENABLE_DEBUG_INFO = INCLUDE_SOURCE;
				MTL_FAST_MATH = YES;
				ONLY_ACTIVE_ARCH = YES;
				PRODUCT_NAME = "$(TARGET_NAME)";
				SDKROOT = macosx;
				SWIFT_ACTIVE_COMPILATION_CONDITIONS = DEBUG;
				SWIFT_OPTIMIZATION_LEVEL = "-Onone";
				SWIFT_VERSION = 5.10;
			};
			name = Debug;
		};
		81669B4BB2E4B80F34FAFF26 /* Release */ = {
			isa = XCBuildConfiguration;
			buildSettings = {
				ALWAYS_SEARCH_USER_PATHS = NO;
				CLANG_ANALYZER_NONNULL = YES;
				CLANG_ANALYZER_NUMBER_OBJECT_CONVERSION = YES_AGGRESSIVE;
				CLANG_CXX_LANGUAGE_STANDARD = "gnu++14";
				CLANG_CXX_LIBRARY = "libc++";
				CLANG_ENABLE_MODULES = YES;
				CLANG_ENABLE_OBJC_ARC = YES;
				CLANG_ENABLE_OBJC_WEAK = YES;
				CLANG_WARN_BLOCK_CAPTURE_AUTORELEASING = YES;
				CLANG_WARN_BOOL_CONVERSION = YES;
				CLANG_WARN_COMMA = YES;
				CLANG_WARN_CONSTANT_CONVERSION = YES;
				CLANG_WARN_DEPRECATED_OBJC_IMPLEMENTATIONS = YES;
				CLANG_WARN_DIRECT_OBJC_ISA_USAGE = YES_ERROR;
				CLANG_WARN_DOCUMENTATION_COMMENTS = YES;
				CLANG_WARN_EMPTY_BODY = YES;
				CLANG_WARN_ENUM_CONVERSION = YES;
				CLANG_WARN_INFINITE_RECURSION = YES;
				CLANG_WARN_INT_CONVERSION = YES;
				CLANG_WARN_NON_LITERAL_NULL_CONVERSION = YES;
				CLANG_WARN_OBJC_IMPLICIT_RETAIN_SELF = YES;
				CLANG_WARN_OBJC_LITERAL_CONVERSION = YES;
				CLANG_WARN_OBJC_ROOT_CLASS = YES_ERROR;
				CLANG_WARN_QUOTED_INCLUDE_IN_FRAMEWORK_HEADER = YES;
				CLANG_WARN_RANGE_LOOP_ANALYSIS = YES;
				CLANG_WARN_STRICT_PROTOTYPES = YES;
				CLANG_WARN_SUSPICIOUS_MOVE = YES;
				CLANG_WARN_UNGUARDED_AVAILABILITY = YES_AGGRESSIVE;
				CLANG_WARN_UNREACHABLE_CODE = YES;
				CLANG_WARN__DUPLICATE_METHOD_MATCH = YES;
				CODE_SIGN_STYLE = Automatic;
				COPY_PHASE_STRIP = NO;
				CURRENT_PROJECT_VERSION = 120;
				DEBUG_INFORMATION_FORMAT = "dwarf-with-dsym";
				DEVELOPMENT_TEAM = 52HV33827A;
				ENABLE_NS_ASSERTIONS = NO;
				ENABLE_STRICT_OBJC_MSGSEND = YES;
				GCC_C_LANGUAGE_STANDARD = gnu11;
				GCC_NO_COMMON_BLOCKS = YES;
				GCC_WARN_64_TO_32_BIT_CONVERSION = YES;
				GCC_WARN_ABOUT_RETURN_TYPE = YES_ERROR;
				GCC_WARN_UNDECLARED_SELECTOR = YES;
				GCC_WARN_UNINITIALIZED_AUTOS = YES_AGGRESSIVE;
				GCC_WARN_UNUSED_FUNCTION = YES;
				GCC_WARN_UNUSED_VARIABLE = YES;
				MACOSX_DEPLOYMENT_TARGET = 14.0;
				MARKETING_VERSION = 2.1.9;
				MTL_ENABLE_DEBUG_INFO = NO;
				MTL_FAST_MATH = YES;
				PRODUCT_NAME = "$(TARGET_NAME)";
				SDKROOT = macosx;
				SWIFT_COMPILATION_MODE = wholemodule;
				SWIFT_OPTIMIZATION_LEVEL = "-O";
				SWIFT_VERSION = 5.10;
			};
			name = Release;
		};
		F3BCE833CB1EDF59ADD96061 /* Release */ = {
			isa = XCBuildConfiguration;
			buildSettings = {
				ASSETCATALOG_COMPILER_APPICON_NAME = AppIcon;
				ASSETCATALOG_COMPILER_GENERATE_SWIFT_ASSET_SYMBOL_EXTENSIONS = NO;
				COMBINE_HIDPI_IMAGES = YES;
				ENABLE_APP_SANDBOX = NO;
				ENABLE_HARDENED_RUNTIME = YES;
				GENERATE_INFOPLIST_FILE = YES;
				INFOPLIST_KEY_CFBundleDisplayName = "Development Management";
				INFOPLIST_KEY_CFBundleShortVersionString = "$(MARKETING_VERSION)";
				INFOPLIST_KEY_CFBundleVersion = "$(CURRENT_PROJECT_VERSION)";
				INFOPLIST_KEY_LSApplicationCategoryType = "public.app-category.developer-tools";
				INFOPLIST_KEY_LSUIElement = YES;
				LD_RUNPATH_SEARCH_PATHS = (
					"$(inherited)",
					"@executable_path/../Frameworks",
				);
				PRODUCT_BUNDLE_IDENTIFIER = com.zivtal.DevManagement;
				PRODUCT_MODULE_NAME = DevManagement;
				PRODUCT_NAME = "Development Management";
				SDKROOT = macosx;
			};
			name = Release;
		};
/* End XCBuildConfiguration section */

/* Begin XCConfigurationList section */
		B9FB282A95925E06666DCB90 /* Build configuration list for PBXNativeTarget "DevManagement" */ = {
			isa = XCConfigurationList;
			buildConfigurations = (
				1062E6E976802D6A984B771D /* Debug */,
				F3BCE833CB1EDF59ADD96061 /* Release */,
			);
			defaultConfigurationIsVisible = 0;
			defaultConfigurationName = Debug;
		};
		C9CC8F50A24717A2A64086BB /* Build configuration list for PBXProject "DevManagement" */ = {
			isa = XCConfigurationList;
			buildConfigurations = (
				5773710562CEDB9177B095C6 /* Debug */,
				81669B4BB2E4B80F34FAFF26 /* Release */,
			);
			defaultConfigurationIsVisible = 0;
			defaultConfigurationName = Debug;
		};
		EAD09DE4AE99669E7DA0F872 /* Build configuration list for PBXNativeTarget "DevManagementTests" */ = {
			isa = XCConfigurationList;
			buildConfigurations = (
				37B50D5F888B574B45FA94AF /* Debug */,
				4022D10026F34D413D9B2E25 /* Release */,
			);
			defaultConfigurationIsVisible = 0;
			defaultConfigurationName = Debug;
		};
/* End XCConfigurationList section */
	};
	rootObject = 0F400749F709DFACE617181E /* Project object */;
}
